// !$*UTF8*$!
{
	archiveVersion = 1;
	classes = {
	};
	objectVersion = 56;
	objects = {

/* Begin PBXBuildFile section */
		CB1A7C5C29560C2300C6431D /* UserInfoView.swift in Sources */ = {isa = PBXBuildFile; fileRef = CB1A7C5B29560C2300C6431D /* UserInfoView.swift */; };
		CB1A7C5E295618A900C6431D /* SettingButton.swift in Sources */ = {isa = PBXBuildFile; fileRef = CB1A7C5D295618A900C6431D /* SettingButton.swift */; };
		CB1A7C6129561BCF00C6431D /* UserProfileView.swift in Sources */ = {isa = PBXBuildFile; fileRef = CB1A7C6029561BCF00C6431D /* UserProfileView.swift */; };
		CB1A7C6329561CF300C6431D /* SubButton.swift in Sources */ = {isa = PBXBuildFile; fileRef = CB1A7C6229561CF300C6431D /* SubButton.swift */; };
		CB1A7C6829576D7900C6431D /* BaseScrollView.swift in Sources */ = {isa = PBXBuildFile; fileRef = CB1A7C6729576D7900C6431D /* BaseScrollView.swift */; };
		CB1A7C6A29576DCC00C6431D /* HorizontalScrollView.swift in Sources */ = {isa = PBXBuildFile; fileRef = CB1A7C6929576DCC00C6431D /* HorizontalScrollView.swift */; };
		CB1BCAF52958AEE20021617D /* ScrapButton.swift in Sources */ = {isa = PBXBuildFile; fileRef = CB1BCAF42958AEE20021617D /* ScrapButton.swift */; };
		CB1BCAF72958B15B0021617D /* StoreInfoView.swift in Sources */ = {isa = PBXBuildFile; fileRef = CB1BCAF62958B15B0021617D /* StoreInfoView.swift */; };
		CB1BCAF92958B8440021617D /* CommentView.swift in Sources */ = {isa = PBXBuildFile; fileRef = CB1BCAF82958B8440021617D /* CommentView.swift */; };
		CBADC2422955989400E56C93 /* SnapKit in Frameworks */ = {isa = PBXBuildFile; productRef = CBADC2412955989400E56C93 /* SnapKit */; };
		CBADC245295598A200E56C93 /* Then in Frameworks */ = {isa = PBXBuildFile; productRef = CBADC244295598A200E56C93 /* Then */; };
		CBADC2482955993A00E56C93 /* SkeletonUI in Frameworks */ = {isa = PBXBuildFile; productRef = CBADC2472955993A00E56C93 /* SkeletonUI */; };
		CBADC24E29559AA900E56C93 /* .swiftlint.yml in Resources */ = {isa = PBXBuildFile; fileRef = CBADC24D29559AA900E56C93 /* .swiftlint.yml */; };
		CBADC25029559AB700E56C93 /* .swiftformat in Resources */ = {isa = PBXBuildFile; fileRef = CBADC24F29559AB700E56C93 /* .swiftformat */; };
		CBADC28329559BC900E56C93 /* ImageLiteral.swift in Sources */ = {isa = PBXBuildFile; fileRef = CBADC25929559BC900E56C93 /* ImageLiteral.swift */; };
		CBADC28629559BC900E56C93 /* Logger.swift in Sources */ = {isa = PBXBuildFile; fileRef = CBADC25D29559BC900E56C93 /* Logger.swift */; };
		CBADC28A29559BC900E56C93 /* UIFont+Extension.swift in Sources */ = {isa = PBXBuildFile; fileRef = CBADC26229559BC900E56C93 /* UIFont+Extension.swift */; };
		CBADC28B29559BC900E56C93 /* UIColor+Extension.swift in Sources */ = {isa = PBXBuildFile; fileRef = CBADC26329559BC900E56C93 /* UIColor+Extension.swift */; };
		CBADC28C29559BC900E56C93 /* UILabel+Extension.swift in Sources */ = {isa = PBXBuildFile; fileRef = CBADC26429559BC900E56C93 /* UILabel+Extension.swift */; };
		CBADC28D29559BC900E56C93 /* NSObject+Extension.swift in Sources */ = {isa = PBXBuildFile; fileRef = CBADC26529559BC900E56C93 /* NSObject+Extension.swift */; };
		CBADC28E29559BC900E56C93 /* UIView+Extension.swift in Sources */ = {isa = PBXBuildFile; fileRef = CBADC26629559BC900E56C93 /* UIView+Extension.swift */; };
		CBADC29029559BC900E56C93 /* UIViewController+Extension.swift in Sources */ = {isa = PBXBuildFile; fileRef = CBADC26829559BC900E56C93 /* UIViewController+Extension.swift */; };
		CBADC29129559BC900E56C93 /* UICollectionView+Extension.swift in Sources */ = {isa = PBXBuildFile; fileRef = CBADC26929559BC900E56C93 /* UICollectionView+Extension.swift */; };
		CBADC29229559BC900E56C93 /* Sequence+Extension.swift in Sources */ = {isa = PBXBuildFile; fileRef = CBADC26A29559BC900E56C93 /* Sequence+Extension.swift */; };
		CBADC29429559BC900E56C93 /* Notification+Extension.swift in Sources */ = {isa = PBXBuildFile; fileRef = CBADC26C29559BC900E56C93 /* Notification+Extension.swift */; };
		CBADC29529559BC900E56C93 /* UITextView+Extension.swift in Sources */ = {isa = PBXBuildFile; fileRef = CBADC26D29559BC900E56C93 /* UITextView+Extension.swift */; };
		CBADC29629559BC900E56C93 /* UITableView+Extension.swift in Sources */ = {isa = PBXBuildFile; fileRef = CBADC26E29559BC900E56C93 /* UITableView+Extension.swift */; };
		CBADC29A29559BC900E56C93 /* BaseViewController.swift in Sources */ = {isa = PBXBuildFile; fileRef = CBADC27529559BC900E56C93 /* BaseViewController.swift */; };
		CBADC29B29559BC900E56C93 /* BaseTableViewCell.swift in Sources */ = {isa = PBXBuildFile; fileRef = CBADC27629559BC900E56C93 /* BaseTableViewCell.swift */; };
		CBADC29C29559BC900E56C93 /* BaseCollectionViewCell.swift in Sources */ = {isa = PBXBuildFile; fileRef = CBADC27729559BC900E56C93 /* BaseCollectionViewCell.swift */; };
		CBADC29E29559BC900E56C93 /* SendButton.swift in Sources */ = {isa = PBXBuildFile; fileRef = CBADC27A29559BC900E56C93 /* SendButton.swift */; };
		CBADC2A029559BC900E56C93 /* PaddingLabel.swift in Sources */ = {isa = PBXBuildFile; fileRef = CBADC27C29559BC900E56C93 /* PaddingLabel.swift */; };
		CBADC2A129559BC900E56C93 /* BackButton.swift in Sources */ = {isa = PBXBuildFile; fileRef = CBADC27D29559BC900E56C93 /* BackButton.swift */; };
		CBADC2A92955A0CB00E56C93 /* SearchViewController.swift in Sources */ = {isa = PBXBuildFile; fileRef = CBADC2A82955A0CB00E56C93 /* SearchViewController.swift */; };
		CBADC2AB2955A0EC00E56C93 /* MessageViewController.swift in Sources */ = {isa = PBXBuildFile; fileRef = CBADC2AA2955A0EC00E56C93 /* MessageViewController.swift */; };
		CBADC2AD2955A0FF00E56C93 /* ProfileViewController.swift in Sources */ = {isa = PBXBuildFile; fileRef = CBADC2AC2955A0FF00E56C93 /* ProfileViewController.swift */; };
		CBADC2AF2955A11F00E56C93 /* MessageRoomViewController.swift in Sources */ = {isa = PBXBuildFile; fileRef = CBADC2AE2955A11F00E56C93 /* MessageRoomViewController.swift */; };
		CBADC2B32955A16A00E56C93 /* SetStoreViewController.swift in Sources */ = {isa = PBXBuildFile; fileRef = CBADC2B22955A16A00E56C93 /* SetStoreViewController.swift */; };
		CBADC2B52955A18C00E56C93 /* SearchStoreViewController.swift in Sources */ = {isa = PBXBuildFile; fileRef = CBADC2B42955A18C00E56C93 /* SearchStoreViewController.swift */; };
		CBADC2B72955A1BD00E56C93 /* SetPhotoViewCotroller.swift in Sources */ = {isa = PBXBuildFile; fileRef = CBADC2B62955A1BD00E56C93 /* SetPhotoViewCotroller.swift */; };
		CBADC2B92955A1CC00E56C93 /* SetCommentViewController.swift in Sources */ = {isa = PBXBuildFile; fileRef = CBADC2B82955A1CC00E56C93 /* SetCommentViewController.swift */; };
		CBADC2BB2955A1F100E56C93 /* FeedDetailViewController.swift in Sources */ = {isa = PBXBuildFile; fileRef = CBADC2BA2955A1F100E56C93 /* FeedDetailViewController.swift */; };
		CBADC2BD2955A22D00E56C93 /* SearchResultViewController.swift in Sources */ = {isa = PBXBuildFile; fileRef = CBADC2BC2955A22D00E56C93 /* SearchResultViewController.swift */; };
		CBADC2C82955A2A600E56C93 /* MyChatTableViewCell.swift in Sources */ = {isa = PBXBuildFile; fileRef = CBADC2C32955A2A600E56C93 /* MyChatTableViewCell.swift */; };
		CBADC2C92955A2A600E56C93 /* ChatTableViewCell.swift in Sources */ = {isa = PBXBuildFile; fileRef = CBADC2C42955A2A600E56C93 /* ChatTableViewCell.swift */; };
		CBADC2CB2955A2A600E56C93 /* ChatSendView.swift in Sources */ = {isa = PBXBuildFile; fileRef = CBADC2C72955A2A600E56C93 /* ChatSendView.swift */; };
		CBADC2CD2955A35600E56C93 /* ChannelTableViewCell.swift in Sources */ = {isa = PBXBuildFile; fileRef = CBADC2CC2955A35600E56C93 /* ChannelTableViewCell.swift */; };
		CBADC2CF2955A41500E56C93 /* TabbarViewController.swift in Sources */ = {isa = PBXBuildFile; fileRef = CBADC2CE2955A41500E56C93 /* TabbarViewController.swift */; };
		CBADC2D32955AB7300E56C93 /* StateTagListView.swift in Sources */ = {isa = PBXBuildFile; fileRef = CBADC2D12955AB7300E56C93 /* StateTagListView.swift */; };
		CBADC2D42955AB7300E56C93 /* RegionTagListView.swift in Sources */ = {isa = PBXBuildFile; fileRef = CBADC2D22955AB7300E56C93 /* RegionTagListView.swift */; };
		CBADC2D62955AB9800E56C93 /* RegionViewController.swift in Sources */ = {isa = PBXBuildFile; fileRef = CBADC2D52955AB9800E56C93 /* RegionViewController.swift */; };
		CBADC2D82955AC5900E56C93 /* FeedCollectionViewCell.swift in Sources */ = {isa = PBXBuildFile; fileRef = CBADC2D72955AC5900E56C93 /* FeedCollectionViewCell.swift */; };
		CBADC2DB2955AC6A00E56C93 /* RegionCollectionViewCell.swift in Sources */ = {isa = PBXBuildFile; fileRef = CBADC2D92955AC6900E56C93 /* RegionCollectionViewCell.swift */; };
		CBADC2DC2955AC6A00E56C93 /* StateCollectionViewCell.swift in Sources */ = {isa = PBXBuildFile; fileRef = CBADC2DA2955AC6A00E56C93 /* StateCollectionViewCell.swift */; };
		CBADC2DE2955ACBB00E56C93 /* EmptyFeedView.swift in Sources */ = {isa = PBXBuildFile; fileRef = CBADC2DD2955ACBB00E56C93 /* EmptyFeedView.swift */; };
		CBADC2E02955B92D00E56C93 /* MainButton.swift in Sources */ = {isa = PBXBuildFile; fileRef = CBADC2DF2955B92D00E56C93 /* MainButton.swift */; };
		CBADC2E22955C63300E56C93 /* FeedThumnailCollectionViewCell.swift in Sources */ = {isa = PBXBuildFile; fileRef = CBADC2E12955C63300E56C93 /* FeedThumnailCollectionViewCell.swift */; };
		CBC73104295550A100C7F198 /* AppDelegate.swift in Sources */ = {isa = PBXBuildFile; fileRef = CBC73103295550A100C7F198 /* AppDelegate.swift */; };
		CBC73106295550A100C7F198 /* SceneDelegate.swift in Sources */ = {isa = PBXBuildFile; fileRef = CBC73105295550A100C7F198 /* SceneDelegate.swift */; };
		CBC73108295550A100C7F198 /* MainViewController.swift in Sources */ = {isa = PBXBuildFile; fileRef = CBC73107295550A100C7F198 /* MainViewController.swift */; };
		CBC7310D295550A200C7F198 /* Assets.xcassets in Resources */ = {isa = PBXBuildFile; fileRef = CBC7310C295550A200C7F198 /* Assets.xcassets */; };
		CBC73110295550A200C7F198 /* LaunchScreen.storyboard in Resources */ = {isa = PBXBuildFile; fileRef = CBC7310E295550A200C7F198 /* LaunchScreen.storyboard */; };
/* End PBXBuildFile section */

/* Begin PBXFileReference section */
		CB1A7C5B29560C2300C6431D /* UserInfoView.swift */ = {isa = PBXFileReference; lastKnownFileType = sourcecode.swift; path = UserInfoView.swift; sourceTree = "<group>"; };
		CB1A7C5D295618A900C6431D /* SettingButton.swift */ = {isa = PBXFileReference; lastKnownFileType = sourcecode.swift; path = SettingButton.swift; sourceTree = "<group>"; };
		CB1A7C6029561BCF00C6431D /* UserProfileView.swift */ = {isa = PBXFileReference; lastKnownFileType = sourcecode.swift; path = UserProfileView.swift; sourceTree = "<group>"; };
		CB1A7C6229561CF300C6431D /* SubButton.swift */ = {isa = PBXFileReference; lastKnownFileType = sourcecode.swift; path = SubButton.swift; sourceTree = "<group>"; };
		CB1A7C6729576D7900C6431D /* BaseScrollView.swift */ = {isa = PBXFileReference; lastKnownFileType = sourcecode.swift; path = BaseScrollView.swift; sourceTree = "<group>"; };
		CB1A7C6929576DCC00C6431D /* HorizontalScrollView.swift */ = {isa = PBXFileReference; lastKnownFileType = sourcecode.swift; path = HorizontalScrollView.swift; sourceTree = "<group>"; };
		CB1BCAF42958AEE20021617D /* ScrapButton.swift */ = {isa = PBXFileReference; lastKnownFileType = sourcecode.swift; path = ScrapButton.swift; sourceTree = "<group>"; };
		CB1BCAF62958B15B0021617D /* StoreInfoView.swift */ = {isa = PBXFileReference; lastKnownFileType = sourcecode.swift; path = StoreInfoView.swift; sourceTree = "<group>"; };
		CB1BCAF82958B8440021617D /* CommentView.swift */ = {isa = PBXFileReference; lastKnownFileType = sourcecode.swift; path = CommentView.swift; sourceTree = "<group>"; };
		CBADC24D29559AA900E56C93 /* .swiftlint.yml */ = {isa = PBXFileReference; lastKnownFileType = text.yaml; path = .swiftlint.yml; sourceTree = "<group>"; };
		CBADC24F29559AB700E56C93 /* .swiftformat */ = {isa = PBXFileReference; lastKnownFileType = text; path = .swiftformat; sourceTree = "<group>"; };
		CBADC25929559BC900E56C93 /* ImageLiteral.swift */ = {isa = PBXFileReference; fileEncoding = 4; lastKnownFileType = sourcecode.swift; path = ImageLiteral.swift; sourceTree = "<group>"; };
		CBADC25D29559BC900E56C93 /* Logger.swift */ = {isa = PBXFileReference; fileEncoding = 4; lastKnownFileType = sourcecode.swift; path = Logger.swift; sourceTree = "<group>"; };
		CBADC26229559BC900E56C93 /* UIFont+Extension.swift */ = {isa = PBXFileReference; fileEncoding = 4; lastKnownFileType = sourcecode.swift; path = "UIFont+Extension.swift"; sourceTree = "<group>"; };
		CBADC26329559BC900E56C93 /* UIColor+Extension.swift */ = {isa = PBXFileReference; fileEncoding = 4; lastKnownFileType = sourcecode.swift; path = "UIColor+Extension.swift"; sourceTree = "<group>"; };
		CBADC26429559BC900E56C93 /* UILabel+Extension.swift */ = {isa = PBXFileReference; fileEncoding = 4; lastKnownFileType = sourcecode.swift; path = "UILabel+Extension.swift"; sourceTree = "<group>"; };
		CBADC26529559BC900E56C93 /* NSObject+Extension.swift */ = {isa = PBXFileReference; fileEncoding = 4; lastKnownFileType = sourcecode.swift; path = "NSObject+Extension.swift"; sourceTree = "<group>"; };
		CBADC26629559BC900E56C93 /* UIView+Extension.swift */ = {isa = PBXFileReference; fileEncoding = 4; lastKnownFileType = sourcecode.swift; path = "UIView+Extension.swift"; sourceTree = "<group>"; };
		CBADC26829559BC900E56C93 /* UIViewController+Extension.swift */ = {isa = PBXFileReference; fileEncoding = 4; lastKnownFileType = sourcecode.swift; path = "UIViewController+Extension.swift"; sourceTree = "<group>"; };
		CBADC26929559BC900E56C93 /* UICollectionView+Extension.swift */ = {isa = PBXFileReference; fileEncoding = 4; lastKnownFileType = sourcecode.swift; path = "UICollectionView+Extension.swift"; sourceTree = "<group>"; };
		CBADC26A29559BC900E56C93 /* Sequence+Extension.swift */ = {isa = PBXFileReference; fileEncoding = 4; lastKnownFileType = sourcecode.swift; path = "Sequence+Extension.swift"; sourceTree = "<group>"; };
		CBADC26C29559BC900E56C93 /* Notification+Extension.swift */ = {isa = PBXFileReference; fileEncoding = 4; lastKnownFileType = sourcecode.swift; path = "Notification+Extension.swift"; sourceTree = "<group>"; };
		CBADC26D29559BC900E56C93 /* UITextView+Extension.swift */ = {isa = PBXFileReference; fileEncoding = 4; lastKnownFileType = sourcecode.swift; path = "UITextView+Extension.swift"; sourceTree = "<group>"; };
		CBADC26E29559BC900E56C93 /* UITableView+Extension.swift */ = {isa = PBXFileReference; fileEncoding = 4; lastKnownFileType = sourcecode.swift; path = "UITableView+Extension.swift"; sourceTree = "<group>"; };
		CBADC27529559BC900E56C93 /* BaseViewController.swift */ = {isa = PBXFileReference; fileEncoding = 4; lastKnownFileType = sourcecode.swift; path = BaseViewController.swift; sourceTree = "<group>"; };
		CBADC27629559BC900E56C93 /* BaseTableViewCell.swift */ = {isa = PBXFileReference; fileEncoding = 4; lastKnownFileType = sourcecode.swift; path = BaseTableViewCell.swift; sourceTree = "<group>"; };
		CBADC27729559BC900E56C93 /* BaseCollectionViewCell.swift */ = {isa = PBXFileReference; fileEncoding = 4; lastKnownFileType = sourcecode.swift; path = BaseCollectionViewCell.swift; sourceTree = "<group>"; };
		CBADC27A29559BC900E56C93 /* SendButton.swift */ = {isa = PBXFileReference; fileEncoding = 4; lastKnownFileType = sourcecode.swift; path = SendButton.swift; sourceTree = "<group>"; };
		CBADC27C29559BC900E56C93 /* PaddingLabel.swift */ = {isa = PBXFileReference; fileEncoding = 4; lastKnownFileType = sourcecode.swift; path = PaddingLabel.swift; sourceTree = "<group>"; };
		CBADC27D29559BC900E56C93 /* BackButton.swift */ = {isa = PBXFileReference; fileEncoding = 4; lastKnownFileType = sourcecode.swift; path = BackButton.swift; sourceTree = "<group>"; };
		CBADC2A82955A0CB00E56C93 /* SearchViewController.swift */ = {isa = PBXFileReference; lastKnownFileType = sourcecode.swift; path = SearchViewController.swift; sourceTree = "<group>"; };
		CBADC2AA2955A0EC00E56C93 /* MessageViewController.swift */ = {isa = PBXFileReference; lastKnownFileType = sourcecode.swift; path = MessageViewController.swift; sourceTree = "<group>"; };
		CBADC2AC2955A0FF00E56C93 /* ProfileViewController.swift */ = {isa = PBXFileReference; lastKnownFileType = sourcecode.swift; path = ProfileViewController.swift; sourceTree = "<group>"; };
		CBADC2AE2955A11F00E56C93 /* MessageRoomViewController.swift */ = {isa = PBXFileReference; lastKnownFileType = sourcecode.swift; path = MessageRoomViewController.swift; sourceTree = "<group>"; };
		CBADC2B22955A16A00E56C93 /* SetStoreViewController.swift */ = {isa = PBXFileReference; lastKnownFileType = sourcecode.swift; path = SetStoreViewController.swift; sourceTree = "<group>"; };
		CBADC2B42955A18C00E56C93 /* SearchStoreViewController.swift */ = {isa = PBXFileReference; lastKnownFileType = sourcecode.swift; path = SearchStoreViewController.swift; sourceTree = "<group>"; };
		CBADC2B62955A1BD00E56C93 /* SetPhotoViewCotroller.swift */ = {isa = PBXFileReference; lastKnownFileType = sourcecode.swift; path = SetPhotoViewCotroller.swift; sourceTree = "<group>"; };
		CBADC2B82955A1CC00E56C93 /* SetCommentViewController.swift */ = {isa = PBXFileReference; lastKnownFileType = sourcecode.swift; path = SetCommentViewController.swift; sourceTree = "<group>"; };
		CBADC2BA2955A1F100E56C93 /* FeedDetailViewController.swift */ = {isa = PBXFileReference; lastKnownFileType = sourcecode.swift; path = FeedDetailViewController.swift; sourceTree = "<group>"; };
		CBADC2BC2955A22D00E56C93 /* SearchResultViewController.swift */ = {isa = PBXFileReference; lastKnownFileType = sourcecode.swift; path = SearchResultViewController.swift; sourceTree = "<group>"; };
		CBADC2C32955A2A600E56C93 /* MyChatTableViewCell.swift */ = {isa = PBXFileReference; fileEncoding = 4; lastKnownFileType = sourcecode.swift; path = MyChatTableViewCell.swift; sourceTree = "<group>"; };
		CBADC2C42955A2A600E56C93 /* ChatTableViewCell.swift */ = {isa = PBXFileReference; fileEncoding = 4; lastKnownFileType = sourcecode.swift; path = ChatTableViewCell.swift; sourceTree = "<group>"; };
		CBADC2C72955A2A600E56C93 /* ChatSendView.swift */ = {isa = PBXFileReference; fileEncoding = 4; lastKnownFileType = sourcecode.swift; path = ChatSendView.swift; sourceTree = "<group>"; };
		CBADC2CC2955A35600E56C93 /* ChannelTableViewCell.swift */ = {isa = PBXFileReference; fileEncoding = 4; lastKnownFileType = sourcecode.swift; path = ChannelTableViewCell.swift; sourceTree = "<group>"; };
		CBADC2CE2955A41500E56C93 /* TabbarViewController.swift */ = {isa = PBXFileReference; fileEncoding = 4; lastKnownFileType = sourcecode.swift; path = TabbarViewController.swift; sourceTree = "<group>"; };
		CBADC2D12955AB7300E56C93 /* StateTagListView.swift */ = {isa = PBXFileReference; fileEncoding = 4; lastKnownFileType = sourcecode.swift; path = StateTagListView.swift; sourceTree = "<group>"; };
		CBADC2D22955AB7300E56C93 /* RegionTagListView.swift */ = {isa = PBXFileReference; fileEncoding = 4; lastKnownFileType = sourcecode.swift; path = RegionTagListView.swift; sourceTree = "<group>"; };
		CBADC2D52955AB9800E56C93 /* RegionViewController.swift */ = {isa = PBXFileReference; fileEncoding = 4; lastKnownFileType = sourcecode.swift; path = RegionViewController.swift; sourceTree = "<group>"; };
		CBADC2D72955AC5900E56C93 /* FeedCollectionViewCell.swift */ = {isa = PBXFileReference; fileEncoding = 4; lastKnownFileType = sourcecode.swift; path = FeedCollectionViewCell.swift; sourceTree = "<group>"; };
		CBADC2D92955AC6900E56C93 /* RegionCollectionViewCell.swift */ = {isa = PBXFileReference; fileEncoding = 4; lastKnownFileType = sourcecode.swift; path = RegionCollectionViewCell.swift; sourceTree = "<group>"; };
		CBADC2DA2955AC6A00E56C93 /* StateCollectionViewCell.swift */ = {isa = PBXFileReference; fileEncoding = 4; lastKnownFileType = sourcecode.swift; path = StateCollectionViewCell.swift; sourceTree = "<group>"; };
		CBADC2DD2955ACBB00E56C93 /* EmptyFeedView.swift */ = {isa = PBXFileReference; fileEncoding = 4; lastKnownFileType = sourcecode.swift; path = EmptyFeedView.swift; sourceTree = "<group>"; };
		CBADC2DF2955B92D00E56C93 /* MainButton.swift */ = {isa = PBXFileReference; lastKnownFileType = sourcecode.swift; path = MainButton.swift; sourceTree = "<group>"; };
		CBADC2E12955C63300E56C93 /* FeedThumnailCollectionViewCell.swift */ = {isa = PBXFileReference; lastKnownFileType = sourcecode.swift; path = FeedThumnailCollectionViewCell.swift; sourceTree = "<group>"; };
		CBC73100295550A100C7F198 /* FoodBowl.app */ = {isa = PBXFileReference; explicitFileType = wrapper.application; includeInIndex = 0; path = FoodBowl.app; sourceTree = BUILT_PRODUCTS_DIR; };
		CBC73103295550A100C7F198 /* AppDelegate.swift */ = {isa = PBXFileReference; lastKnownFileType = sourcecode.swift; path = AppDelegate.swift; sourceTree = "<group>"; };
		CBC73105295550A100C7F198 /* SceneDelegate.swift */ = {isa = PBXFileReference; lastKnownFileType = sourcecode.swift; path = SceneDelegate.swift; sourceTree = "<group>"; };
		CBC73107295550A100C7F198 /* MainViewController.swift */ = {isa = PBXFileReference; lastKnownFileType = sourcecode.swift; path = MainViewController.swift; sourceTree = "<group>"; };
		CBC7310C295550A200C7F198 /* Assets.xcassets */ = {isa = PBXFileReference; lastKnownFileType = folder.assetcatalog; path = Assets.xcassets; sourceTree = "<group>"; };
		CBC7310F295550A200C7F198 /* Base */ = {isa = PBXFileReference; lastKnownFileType = file.storyboard; name = Base; path = Base.lproj/LaunchScreen.storyboard; sourceTree = "<group>"; };
		CBC73111295550A200C7F198 /* Info.plist */ = {isa = PBXFileReference; lastKnownFileType = text.plist.xml; path = Info.plist; sourceTree = "<group>"; };
/* End PBXFileReference section */

/* Begin PBXFrameworksBuildPhase section */
		CBC730FD295550A100C7F198 /* Frameworks */ = {
			isa = PBXFrameworksBuildPhase;
			buildActionMask = 2147483647;
			files = (
				CBADC2422955989400E56C93 /* SnapKit in Frameworks */,
				CBADC2482955993A00E56C93 /* SkeletonUI in Frameworks */,
				CBADC245295598A200E56C93 /* Then in Frameworks */,
			);
			runOnlyForDeploymentPostprocessing = 0;
		};
/* End PBXFrameworksBuildPhase section */

/* Begin PBXGroup section */
		CB1A7C5F29561B8400C6431D /* UIComponent */ = {
			isa = PBXGroup;
			children = (
				CB1A7C6029561BCF00C6431D /* UserProfileView.swift */,
			);
			path = UIComponent;
			sourceTree = "<group>";
		};
		CB1A7C66295767F000C6431D /* UIComponent */ = {
			isa = PBXGroup;
			children = (
				CB1BCAF82958B8440021617D /* CommentView.swift */,
			);
			path = UIComponent;
			sourceTree = "<group>";
		};
		CBADC25129559BC900E56C93 /* Global */ = {
			isa = PBXGroup;
			children = (
				CBADC25229559BC900E56C93 /* Supports */,
				CBADC25829559BC900E56C93 /* Literal */,
				CBADC25A29559BC900E56C93 /* Utils */,
				CBADC26129559BC900E56C93 /* Extensions */,
				CBADC26F29559BC900E56C93 /* Resource */,
				CBADC27429559BC900E56C93 /* Base */,
				CBADC27829559BC900E56C93 /* UIComponent */,
			);
			path = Global;
			sourceTree = "<group>";
		};
		CBADC25229559BC900E56C93 /* Supports */ = {
			isa = PBXGroup;
			children = (
				CBADC2CE2955A41500E56C93 /* TabbarViewController.swift */,
				CBC73103295550A100C7F198 /* AppDelegate.swift */,
				CBC73105295550A100C7F198 /* SceneDelegate.swift */,
				CBC73111295550A200C7F198 /* Info.plist */,
			);
			path = Supports;
			sourceTree = "<group>";
		};
		CBADC25829559BC900E56C93 /* Literal */ = {
			isa = PBXGroup;
			children = (
				CBADC25929559BC900E56C93 /* ImageLiteral.swift */,
			);
			path = Literal;
			sourceTree = "<group>";
		};
		CBADC25A29559BC900E56C93 /* Utils */ = {
			isa = PBXGroup;
			children = (
				CBADC25D29559BC900E56C93 /* Logger.swift */,
			);
			path = Utils;
			sourceTree = "<group>";
		};
		CBADC26129559BC900E56C93 /* Extensions */ = {
			isa = PBXGroup;
			children = (
				CBADC26229559BC900E56C93 /* UIFont+Extension.swift */,
				CBADC26329559BC900E56C93 /* UIColor+Extension.swift */,
				CBADC26429559BC900E56C93 /* UILabel+Extension.swift */,
				CBADC26529559BC900E56C93 /* NSObject+Extension.swift */,
				CBADC26629559BC900E56C93 /* UIView+Extension.swift */,
				CBADC26829559BC900E56C93 /* UIViewController+Extension.swift */,
				CBADC26929559BC900E56C93 /* UICollectionView+Extension.swift */,
				CBADC26A29559BC900E56C93 /* Sequence+Extension.swift */,
				CBADC26C29559BC900E56C93 /* Notification+Extension.swift */,
				CBADC26D29559BC900E56C93 /* UITextView+Extension.swift */,
				CBADC26E29559BC900E56C93 /* UITableView+Extension.swift */,
			);
			path = Extensions;
			sourceTree = "<group>";
		};
		CBADC26F29559BC900E56C93 /* Resource */ = {
			isa = PBXGroup;
			children = (
				CBC7310C295550A200C7F198 /* Assets.xcassets */,
				CBC7310E295550A200C7F198 /* LaunchScreen.storyboard */,
			);
			path = Resource;
			sourceTree = "<group>";
		};
		CBADC27429559BC900E56C93 /* Base */ = {
			isa = PBXGroup;
			children = (
				CBADC27529559BC900E56C93 /* BaseViewController.swift */,
				CBADC27629559BC900E56C93 /* BaseTableViewCell.swift */,
				CBADC27729559BC900E56C93 /* BaseCollectionViewCell.swift */,
				CB1A7C6729576D7900C6431D /* BaseScrollView.swift */,
				CB1A7C6929576DCC00C6431D /* HorizontalScrollView.swift */,
			);
			path = Base;
			sourceTree = "<group>";
		};
		CBADC27829559BC900E56C93 /* UIComponent */ = {
			isa = PBXGroup;
			children = (
				CBADC27C29559BC900E56C93 /* PaddingLabel.swift */,
				CBADC27A29559BC900E56C93 /* SendButton.swift */,
				CBADC27D29559BC900E56C93 /* BackButton.swift */,
				CB1BCAF42958AEE20021617D /* ScrapButton.swift */,
				CB1A7C5D295618A900C6431D /* SettingButton.swift */,
				CBADC2DF2955B92D00E56C93 /* MainButton.swift */,
				CB1A7C6229561CF300C6431D /* SubButton.swift */,
				CB1A7C5B29560C2300C6431D /* UserInfoView.swift */,
				CB1BCAF62958B15B0021617D /* StoreInfoView.swift */,
			);
			path = UIComponent;
			sourceTree = "<group>";
		};
		CBADC2A22955A05500E56C93 /* Main */ = {
			isa = PBXGroup;
			children = (
				CBADC2D02955AB7300E56C93 /* UIComponent */,
				CBADC2BE2955A24A00E56C93 /* Cell */,
				CBC73107295550A100C7F198 /* MainViewController.swift */,
				CBADC2D52955AB9800E56C93 /* RegionViewController.swift */,
			);
			path = Main;
			sourceTree = "<group>";
		};
		CBADC2A32955A05B00E56C93 /* Search */ = {
			isa = PBXGroup;
			children = (
				CBADC2BF2955A25600E56C93 /* Cell */,
				CBADC2A82955A0CB00E56C93 /* SearchViewController.swift */,
				CBADC2BC2955A22D00E56C93 /* SearchResultViewController.swift */,
			);
			path = Search;
			sourceTree = "<group>";
		};
		CBADC2A42955A06B00E56C93 /* Message */ = {
			isa = PBXGroup;
			children = (
				CBADC2C22955A2A600E56C93 /* Cell */,
				CBADC2C62955A2A600E56C93 /* UIComponent */,
				CBADC2AA2955A0EC00E56C93 /* MessageViewController.swift */,
				CBADC2AE2955A11F00E56C93 /* MessageRoomViewController.swift */,
			);
			path = Message;
			sourceTree = "<group>";
		};
		CBADC2A52955A07B00E56C93 /* Profile */ = {
			isa = PBXGroup;
			children = (
				CB1A7C5F29561B8400C6431D /* UIComponent */,
				CBADC2AC2955A0FF00E56C93 /* ProfileViewController.swift */,
			);
			path = Profile;
			sourceTree = "<group>";
		};
		CBADC2B02955A13800E56C93 /* Feed */ = {
			isa = PBXGroup;
			children = (
				CB1A7C66295767F000C6431D /* UIComponent */,
				CBADC2B22955A16A00E56C93 /* SetStoreViewController.swift */,
				CBADC2B42955A18C00E56C93 /* SearchStoreViewController.swift */,
				CBADC2B62955A1BD00E56C93 /* SetPhotoViewCotroller.swift */,
				CBADC2B82955A1CC00E56C93 /* SetCommentViewController.swift */,
				CBADC2BA2955A1F100E56C93 /* FeedDetailViewController.swift */,
			);
			path = Feed;
			sourceTree = "<group>";
		};
		CBADC2B12955A14C00E56C93 /* Screens */ = {
			isa = PBXGroup;
			children = (
				CBADC2A22955A05500E56C93 /* Main */,
				CBADC2A32955A05B00E56C93 /* Search */,
				CBADC2A42955A06B00E56C93 /* Message */,
				CBADC2A52955A07B00E56C93 /* Profile */,
				CBADC2B02955A13800E56C93 /* Feed */,
			);
			path = Screens;
			sourceTree = "<group>";
		};
		CBADC2BE2955A24A00E56C93 /* Cell */ = {
			isa = PBXGroup;
			children = (
				CBADC2D72955AC5900E56C93 /* FeedCollectionViewCell.swift */,
				CBADC2D92955AC6900E56C93 /* RegionCollectionViewCell.swift */,
				CBADC2DA2955AC6A00E56C93 /* StateCollectionViewCell.swift */,
			);
			path = Cell;
			sourceTree = "<group>";
		};
		CBADC2BF2955A25600E56C93 /* Cell */ = {
			isa = PBXGroup;
			children = (
				CBADC2E12955C63300E56C93 /* FeedThumnailCollectionViewCell.swift */,
			);
			path = Cell;
			sourceTree = "<group>";
		};
		CBADC2C22955A2A600E56C93 /* Cell */ = {
			isa = PBXGroup;
			children = (
				CBADC2CC2955A35600E56C93 /* ChannelTableViewCell.swift */,
				CBADC2C32955A2A600E56C93 /* MyChatTableViewCell.swift */,
				CBADC2C42955A2A600E56C93 /* ChatTableViewCell.swift */,
			);
			path = Cell;
			sourceTree = "<group>";
		};
		CBADC2C62955A2A600E56C93 /* UIComponent */ = {
			isa = PBXGroup;
			children = (
				CBADC2C72955A2A600E56C93 /* ChatSendView.swift */,
			);
			path = UIComponent;
			sourceTree = "<group>";
		};
		CBADC2D02955AB7300E56C93 /* UIComponent */ = {
			isa = PBXGroup;
			children = (
				CBADC2DD2955ACBB00E56C93 /* EmptyFeedView.swift */,
				CBADC2D12955AB7300E56C93 /* StateTagListView.swift */,
				CBADC2D22955AB7300E56C93 /* RegionTagListView.swift */,
			);
			path = UIComponent;
			sourceTree = "<group>";
		};
		CBC730F7295550A100C7F198 = {
			isa = PBXGroup;
			children = (
				CBADC24F29559AB700E56C93 /* .swiftformat */,
				CBADC24D29559AA900E56C93 /* .swiftlint.yml */,
				CBC73102295550A100C7F198 /* FoodBowl */,
				CBC73101295550A100C7F198 /* Products */,
			);
			sourceTree = "<group>";
		};
		CBC73101295550A100C7F198 /* Products */ = {
			isa = PBXGroup;
			children = (
				CBC73100295550A100C7F198 /* FoodBowl.app */,
			);
			name = Products;
			sourceTree = "<group>";
		};
		CBC73102295550A100C7F198 /* FoodBowl */ = {
			isa = PBXGroup;
			children = (
				CBADC2B12955A14C00E56C93 /* Screens */,
				CBADC25129559BC900E56C93 /* Global */,
			);
			path = FoodBowl;
			sourceTree = "<group>";
		};
/* End PBXGroup section */

/* Begin PBXNativeTarget section */
		CBC730FF295550A100C7F198 /* FoodBowl */ = {
			isa = PBXNativeTarget;
			buildConfigurationList = CBC73114295550A200C7F198 /* Build configuration list for PBXNativeTarget "FoodBowl" */;
			buildPhases = (
				CBC730FC295550A100C7F198 /* Sources */,
				CBC730FD295550A100C7F198 /* Frameworks */,
				CBC730FE295550A100C7F198 /* Resources */,
				CBADC2492955997800E56C93 /* SwiftLint Script */,
				CBADC24C29559A4E00E56C93 /* SwiftFormat Script */,
			);
			buildRules = (
			);
			dependencies = (
			);
			name = FoodBowl;
			packageProductDependencies = (
				CBADC2412955989400E56C93 /* SnapKit */,
				CBADC244295598A200E56C93 /* Then */,
				CBADC2472955993A00E56C93 /* SkeletonUI */,
			);
			productName = FoodBowl;
			productReference = CBC73100295550A100C7F198 /* FoodBowl.app */;
			productType = "com.apple.product-type.application";
		};
/* End PBXNativeTarget section */

/* Begin PBXProject section */
		CBC730F8295550A100C7F198 /* Project object */ = {
			isa = PBXProject;
			attributes = {
				BuildIndependentTargetsInParallel = 1;
				LastSwiftUpdateCheck = 1410;
				LastUpgradeCheck = 1410;
				TargetAttributes = {
					CBC730FF295550A100C7F198 = {
						CreatedOnToolsVersion = 14.1;
					};
				};
			};
			buildConfigurationList = CBC730FB295550A100C7F198 /* Build configuration list for PBXProject "FoodBowl" */;
			compatibilityVersion = "Xcode 14.0";
			developmentRegion = en;
			hasScannedForEncodings = 0;
			knownRegions = (
				en,
				Base,
			);
			mainGroup = CBC730F7295550A100C7F198;
			packageReferences = (
				CBADC2402955989400E56C93 /* XCRemoteSwiftPackageReference "SnapKit" */,
				CBADC243295598A200E56C93 /* XCRemoteSwiftPackageReference "Then" */,
				CBADC2462955993A00E56C93 /* XCRemoteSwiftPackageReference "SkeletonUI" */,
			);
			productRefGroup = CBC73101295550A100C7F198 /* Products */;
			projectDirPath = "";
			projectRoot = "";
			targets = (
				CBC730FF295550A100C7F198 /* FoodBowl */,
			);
		};
/* End PBXProject section */

/* Begin PBXResourcesBuildPhase section */
		CBC730FE295550A100C7F198 /* Resources */ = {
			isa = PBXResourcesBuildPhase;
			buildActionMask = 2147483647;
			files = (
				CBADC25029559AB700E56C93 /* .swiftformat in Resources */,
				CBADC24E29559AA900E56C93 /* .swiftlint.yml in Resources */,
				CBC73110295550A200C7F198 /* LaunchScreen.storyboard in Resources */,
				CBC7310D295550A200C7F198 /* Assets.xcassets in Resources */,
			);
			runOnlyForDeploymentPostprocessing = 0;
		};
/* End PBXResourcesBuildPhase section */

/* Begin PBXShellScriptBuildPhase section */
		CBADC2492955997800E56C93 /* SwiftLint Script */ = {
			isa = PBXShellScriptBuildPhase;
			alwaysOutOfDate = 1;
			buildActionMask = 2147483647;
			files = (
			);
			inputFileListPaths = (
			);
			inputPaths = (
			);
			name = "SwiftLint Script";
			outputFileListPaths = (
			);
			outputPaths = (
			);
			runOnlyForDeploymentPostprocessing = 0;
			shellPath = /bin/sh;
			shellScript = "# Type a script or drag a script file from your workspace to insert its path.\nexport PATH=\"$PATH:/opt/homebrew/bin\"\nif which swiftlint > /dev/null; then\n  swiftlint\nelse\n  echo \"warning: SwiftLint not installed, download from https://github.com/realm/SwiftLint\"\nfi\n";
		};
		CBADC24C29559A4E00E56C93 /* SwiftFormat Script */ = {
			isa = PBXShellScriptBuildPhase;
			alwaysOutOfDate = 1;
			buildActionMask = 2147483647;
			files = (
			);
			inputFileListPaths = (
			);
			inputPaths = (
			);
			name = "SwiftFormat Script";
			outputFileListPaths = (
			);
			outputPaths = (
			);
			runOnlyForDeploymentPostprocessing = 0;
			shellPath = /bin/sh;
			shellScript = "# Type a script or drag a script file from your workspace to insert its path.\nexport PATH=\"$PATH:/opt/homebrew/bin\"\nif which swiftformat > /dev/null; then\n  swiftformat .\nelse\n  echo \"warning: SwiftFormat not installed, download from https://github.com/nicklockwood/SwiftFormat\"\nfi\n";
		};
/* End PBXShellScriptBuildPhase section */

/* Begin PBXSourcesBuildPhase section */
		CBC730FC295550A100C7F198 /* Sources */ = {
			isa = PBXSourcesBuildPhase;
			buildActionMask = 2147483647;
			files = (
				CB1BCAF72958B15B0021617D /* StoreInfoView.swift in Sources */,
				CB1A7C6829576D7900C6431D /* BaseScrollView.swift in Sources */,
				CB1A7C6129561BCF00C6431D /* UserProfileView.swift in Sources */,
				CBADC2E22955C63300E56C93 /* FeedThumnailCollectionViewCell.swift in Sources */,
				CBADC2D62955AB9800E56C93 /* RegionViewController.swift in Sources */,
				CBADC28A29559BC900E56C93 /* UIFont+Extension.swift in Sources */,
				CB1A7C6A29576DCC00C6431D /* HorizontalScrollView.swift in Sources */,
				CBC73108295550A100C7F198 /* MainViewController.swift in Sources */,
				CBADC2CF2955A41500E56C93 /* TabbarViewController.swift in Sources */,
				CBC73104295550A100C7F198 /* AppDelegate.swift in Sources */,
				CBADC2B72955A1BD00E56C93 /* SetPhotoViewCotroller.swift in Sources */,
				CBADC2DB2955AC6A00E56C93 /* RegionCollectionViewCell.swift in Sources */,
				CB1A7C5E295618A900C6431D /* SettingButton.swift in Sources */,
				CBADC29B29559BC900E56C93 /* BaseTableViewCell.swift in Sources */,
				CBADC2CD2955A35600E56C93 /* ChannelTableViewCell.swift in Sources */,
				CBADC2D32955AB7300E56C93 /* StateTagListView.swift in Sources */,
				CBADC2A129559BC900E56C93 /* BackButton.swift in Sources */,
				CBADC29A29559BC900E56C93 /* BaseViewController.swift in Sources */,
				CBADC2B92955A1CC00E56C93 /* SetCommentViewController.swift in Sources */,
				CBC73106295550A100C7F198 /* SceneDelegate.swift in Sources */,
				CB1BCAF52958AEE20021617D /* ScrapButton.swift in Sources */,
				CBADC29529559BC900E56C93 /* UITextView+Extension.swift in Sources */,
				CBADC29229559BC900E56C93 /* Sequence+Extension.swift in Sources */,
				CBADC29029559BC900E56C93 /* UIViewController+Extension.swift in Sources */,
				CBADC2AB2955A0EC00E56C93 /* MessageViewController.swift in Sources */,
				CBADC28C29559BC900E56C93 /* UILabel+Extension.swift in Sources */,
				CB1A7C6329561CF300C6431D /* SubButton.swift in Sources */,
				CBADC2B32955A16A00E56C93 /* SetStoreViewController.swift in Sources */,
				CBADC28329559BC900E56C93 /* ImageLiteral.swift in Sources */,
				CBADC28B29559BC900E56C93 /* UIColor+Extension.swift in Sources */,
				CBADC2DC2955AC6A00E56C93 /* StateCollectionViewCell.swift in Sources */,
				CBADC2A92955A0CB00E56C93 /* SearchViewController.swift in Sources */,
				CBADC28629559BC900E56C93 /* Logger.swift in Sources */,
				CBADC29E29559BC900E56C93 /* SendButton.swift in Sources */,
				CBADC2AF2955A11F00E56C93 /* MessageRoomViewController.swift in Sources */,
				CBADC29429559BC900E56C93 /* Notification+Extension.swift in Sources */,
				CBADC2C82955A2A600E56C93 /* MyChatTableViewCell.swift in Sources */,
				CBADC2E02955B92D00E56C93 /* MainButton.swift in Sources */,
				CBADC2B52955A18C00E56C93 /* SearchStoreViewController.swift in Sources */,
				CBADC28E29559BC900E56C93 /* UIView+Extension.swift in Sources */,
				CBADC2CB2955A2A600E56C93 /* ChatSendView.swift in Sources */,
				CBADC2D42955AB7300E56C93 /* RegionTagListView.swift in Sources */,
				CBADC2A029559BC900E56C93 /* PaddingLabel.swift in Sources */,
				CBADC29C29559BC900E56C93 /* BaseCollectionViewCell.swift in Sources */,
				CB1A7C5C29560C2300C6431D /* UserInfoView.swift in Sources */,
				CBADC29129559BC900E56C93 /* UICollectionView+Extension.swift in Sources */,
				CBADC2D82955AC5900E56C93 /* FeedCollectionViewCell.swift in Sources */,
				CBADC2AD2955A0FF00E56C93 /* ProfileViewController.swift in Sources */,
				CBADC2DE2955ACBB00E56C93 /* EmptyFeedView.swift in Sources */,
				CBADC2C92955A2A600E56C93 /* ChatTableViewCell.swift in Sources */,
				CBADC28D29559BC900E56C93 /* NSObject+Extension.swift in Sources */,
				CBADC29629559BC900E56C93 /* UITableView+Extension.swift in Sources */,
				CBADC2BD2955A22D00E56C93 /* SearchResultViewController.swift in Sources */,
				CB1BCAF92958B8440021617D /* CommentView.swift in Sources */,
				CBADC2BB2955A1F100E56C93 /* FeedDetailViewController.swift in Sources */,
			);
			runOnlyForDeploymentPostprocessing = 0;
		};
/* End PBXSourcesBuildPhase section */

/* Begin PBXVariantGroup section */
		CBC7310E295550A200C7F198 /* LaunchScreen.storyboard */ = {
			isa = PBXVariantGroup;
			children = (
				CBC7310F295550A200C7F198 /* Base */,
			);
			name = LaunchScreen.storyboard;
			sourceTree = "<group>";
		};
/* End PBXVariantGroup section */

/* Begin XCBuildConfiguration section */
		CBC73112295550A200C7F198 /* Debug */ = {
			isa = XCBuildConfiguration;
			buildSettings = {
				ALWAYS_SEARCH_USER_PATHS = NO;
				CLANG_ANALYZER_NONNULL = YES;
				CLANG_ANALYZER_NUMBER_OBJECT_CONVERSION = YES_AGGRESSIVE;
				CLANG_CXX_LANGUAGE_STANDARD = "gnu++20";
				CLANG_ENABLE_MODULES = YES;
				CLANG_ENABLE_OBJC_ARC = YES;
				CLANG_ENABLE_OBJC_WEAK = YES;
				CLANG_WARN_BLOCK_CAPTURE_AUTORELEASING = YES;
				CLANG_WARN_BOOL_CONVERSION = YES;
				CLANG_WARN_COMMA = YES;
				CLANG_WARN_CONSTANT_CONVERSION = YES;
				CLANG_WARN_DEPRECATED_OBJC_IMPLEMENTATIONS = YES;
				CLANG_WARN_DIRECT_OBJC_ISA_USAGE = YES_ERROR;
				CLANG_WARN_DOCUMENTATION_COMMENTS = YES;
				CLANG_WARN_EMPTY_BODY = YES;
				CLANG_WARN_ENUM_CONVERSION = YES;
				CLANG_WARN_INFINITE_RECURSION = YES;
				CLANG_WARN_INT_CONVERSION = YES;
				CLANG_WARN_NON_LITERAL_NULL_CONVERSION = YES;
				CLANG_WARN_OBJC_IMPLICIT_RETAIN_SELF = YES;
				CLANG_WARN_OBJC_LITERAL_CONVERSION = YES;
				CLANG_WARN_OBJC_ROOT_CLASS = YES_ERROR;
				CLANG_WARN_QUOTED_INCLUDE_IN_FRAMEWORK_HEADER = YES;
				CLANG_WARN_RANGE_LOOP_ANALYSIS = YES;
				CLANG_WARN_STRICT_PROTOTYPES = YES;
				CLANG_WARN_SUSPICIOUS_MOVE = YES;
				CLANG_WARN_UNGUARDED_AVAILABILITY = YES_AGGRESSIVE;
				CLANG_WARN_UNREACHABLE_CODE = YES;
				CLANG_WARN__DUPLICATE_METHOD_MATCH = YES;
				COPY_PHASE_STRIP = NO;
				DEBUG_INFORMATION_FORMAT = dwarf;
				ENABLE_STRICT_OBJC_MSGSEND = YES;
				ENABLE_TESTABILITY = YES;
				GCC_C_LANGUAGE_STANDARD = gnu11;
				GCC_DYNAMIC_NO_PIC = NO;
				GCC_NO_COMMON_BLOCKS = YES;
				GCC_OPTIMIZATION_LEVEL = 0;
				GCC_PREPROCESSOR_DEFINITIONS = (
					"DEBUG=1",
					"$(inherited)",
				);
				GCC_WARN_64_TO_32_BIT_CONVERSION = YES;
				GCC_WARN_ABOUT_RETURN_TYPE = YES_ERROR;
				GCC_WARN_UNDECLARED_SELECTOR = YES;
				GCC_WARN_UNINITIALIZED_AUTOS = YES_AGGRESSIVE;
				GCC_WARN_UNUSED_FUNCTION = YES;
				GCC_WARN_UNUSED_VARIABLE = YES;
				IPHONEOS_DEPLOYMENT_TARGET = 16.1;
				MTL_ENABLE_DEBUG_INFO = INCLUDE_SOURCE;
				MTL_FAST_MATH = YES;
				ONLY_ACTIVE_ARCH = YES;
				SDKROOT = iphoneos;
				SWIFT_ACTIVE_COMPILATION_CONDITIONS = DEBUG;
				SWIFT_OPTIMIZATION_LEVEL = "-Onone";
			};
			name = Debug;
		};
		CBC73113295550A200C7F198 /* Release */ = {
			isa = XCBuildConfiguration;
			buildSettings = {
				ALWAYS_SEARCH_USER_PATHS = NO;
				CLANG_ANALYZER_NONNULL = YES;
				CLANG_ANALYZER_NUMBER_OBJECT_CONVERSION = YES_AGGRESSIVE;
				CLANG_CXX_LANGUAGE_STANDARD = "gnu++20";
				CLANG_ENABLE_MODULES = YES;
				CLANG_ENABLE_OBJC_ARC = YES;
				CLANG_ENABLE_OBJC_WEAK = YES;
				CLANG_WARN_BLOCK_CAPTURE_AUTORELEASING = YES;
				CLANG_WARN_BOOL_CONVERSION = YES;
				CLANG_WARN_COMMA = YES;
				CLANG_WARN_CONSTANT_CONVERSION = YES;
				CLANG_WARN_DEPRECATED_OBJC_IMPLEMENTATIONS = YES;
				CLANG_WARN_DIRECT_OBJC_ISA_USAGE = YES_ERROR;
				CLANG_WARN_DOCUMENTATION_COMMENTS = YES;
				CLANG_WARN_EMPTY_BODY = YES;
				CLANG_WARN_ENUM_CONVERSION = YES;
				CLANG_WARN_INFINITE_RECURSION = YES;
				CLANG_WARN_INT_CONVERSION = YES;
				CLANG_WARN_NON_LITERAL_NULL_CONVERSION = YES;
				CLANG_WARN_OBJC_IMPLICIT_RETAIN_SELF = YES;
				CLANG_WARN_OBJC_LITERAL_CONVERSION = YES;
				CLANG_WARN_OBJC_ROOT_CLASS = YES_ERROR;
				CLANG_WARN_QUOTED_INCLUDE_IN_FRAMEWORK_HEADER = YES;
				CLANG_WARN_RANGE_LOOP_ANALYSIS = YES;
				CLANG_WARN_STRICT_PROTOTYPES = YES;
				CLANG_WARN_SUSPICIOUS_MOVE = YES;
				CLANG_WARN_UNGUARDED_AVAILABILITY = YES_AGGRESSIVE;
				CLANG_WARN_UNREACHABLE_CODE = YES;
				CLANG_WARN__DUPLICATE_METHOD_MATCH = YES;
				COPY_PHASE_STRIP = NO;
				DEBUG_INFORMATION_FORMAT = "dwarf-with-dsym";
				ENABLE_NS_ASSERTIONS = NO;
				ENABLE_STRICT_OBJC_MSGSEND = YES;
				GCC_C_LANGUAGE_STANDARD = gnu11;
				GCC_NO_COMMON_BLOCKS = YES;
				GCC_WARN_64_TO_32_BIT_CONVERSION = YES;
				GCC_WARN_ABOUT_RETURN_TYPE = YES_ERROR;
				GCC_WARN_UNDECLARED_SELECTOR = YES;
				GCC_WARN_UNINITIALIZED_AUTOS = YES_AGGRESSIVE;
				GCC_WARN_UNUSED_FUNCTION = YES;
				GCC_WARN_UNUSED_VARIABLE = YES;
				IPHONEOS_DEPLOYMENT_TARGET = 16.1;
				MTL_ENABLE_DEBUG_INFO = NO;
				MTL_FAST_MATH = YES;
				SDKROOT = iphoneos;
				SWIFT_COMPILATION_MODE = wholemodule;
				SWIFT_OPTIMIZATION_LEVEL = "-O";
				VALIDATE_PRODUCT = YES;
			};
			name = Release;
		};
		CBC73115295550A200C7F198 /* Debug */ = {
			isa = XCBuildConfiguration;
			buildSettings = {
				ASSETCATALOG_COMPILER_APPICON_NAME = AppIcon;
				ASSETCATALOG_COMPILER_GLOBAL_ACCENT_COLOR_NAME = AccentColor;
				CODE_SIGN_STYLE = Automatic;
				CURRENT_PROJECT_VERSION = 1;
				DEVELOPMENT_TEAM = 3Y8YH8GWMM;
				GENERATE_INFOPLIST_FILE = YES;
				INFOPLIST_FILE = FoodBowl/Global/Supports/Info.plist;
				INFOPLIST_KEY_LSApplicationCategoryType = "public.app-category.food-and-drink";
				INFOPLIST_KEY_UIApplicationSupportsIndirectInputEvents = YES;
				INFOPLIST_KEY_UILaunchStoryboardName = LaunchScreen;
				INFOPLIST_KEY_UIMainStoryboardFile = "";
				INFOPLIST_KEY_UISupportedInterfaceOrientations = UIInterfaceOrientationPortrait;
				INFOPLIST_KEY_UISupportedInterfaceOrientations_iPad = "UIInterfaceOrientationLandscapeLeft UIInterfaceOrientationLandscapeRight UIInterfaceOrientationPortrait UIInterfaceOrientationPortraitUpsideDown";
				IPHONEOS_DEPLOYMENT_TARGET = 15.0;
				LD_RUNPATH_SEARCH_PATHS = (
					"$(inherited)",
					"@executable_path/Frameworks",
				);
				MARKETING_VERSION = 1.0;
				PRODUCT_BUNDLE_IDENTIFIER = com.coby.FoodBowl;
				PRODUCT_NAME = "$(TARGET_NAME)";
				SUPPORTED_PLATFORMS = "iphoneos iphonesimulator";
				SUPPORTS_MACCATALYST = NO;
				SUPPORTS_MAC_DESIGNED_FOR_IPHONE_IPAD = NO;
				SWIFT_EMIT_LOC_STRINGS = YES;
				SWIFT_VERSION = 5.0;
				TARGETED_DEVICE_FAMILY = 1;
			};
			name = Debug;
		};
		CBC73116295550A200C7F198 /* Release */ = {
			isa = XCBuildConfiguration;
			buildSettings = {
				ASSETCATALOG_COMPILER_APPICON_NAME = AppIcon;
				ASSETCATALOG_COMPILER_GLOBAL_ACCENT_COLOR_NAME = AccentColor;
				CODE_SIGN_STYLE = Automatic;
				CURRENT_PROJECT_VERSION = 1;
				DEVELOPMENT_TEAM = 3Y8YH8GWMM;
				GENERATE_INFOPLIST_FILE = YES;
				INFOPLIST_FILE = FoodBowl/Global/Supports/Info.plist;
				INFOPLIST_KEY_LSApplicationCategoryType = "public.app-category.food-and-drink";
				INFOPLIST_KEY_UIApplicationSupportsIndirectInputEvents = YES;
				INFOPLIST_KEY_UILaunchStoryboardName = LaunchScreen;
				INFOPLIST_KEY_UIMainStoryboardFile = "";
				INFOPLIST_KEY_UISupportedInterfaceOrientations = UIInterfaceOrientationPortrait;
				INFOPLIST_KEY_UISupportedInterfaceOrientations_iPad = "UIInterfaceOrientationLandscapeLeft UIInterfaceOrientationLandscapeRight UIInterfaceOrientationPortrait UIInterfaceOrientationPortraitUpsideDown";
				IPHONEOS_DEPLOYMENT_TARGET = 15.0;
				LD_RUNPATH_SEARCH_PATHS = (
					"$(inherited)",
					"@executable_path/Frameworks",
				);
				MARKETING_VERSION = 1.0;
				PRODUCT_BUNDLE_IDENTIFIER = com.coby.FoodBowl;
				PRODUCT_NAME = "$(TARGET_NAME)";
				SUPPORTED_PLATFORMS = "iphoneos iphonesimulator";
				SUPPORTS_MACCATALYST = NO;
				SUPPORTS_MAC_DESIGNED_FOR_IPHONE_IPAD = NO;
				SWIFT_EMIT_LOC_STRINGS = YES;
				SWIFT_VERSION = 5.0;
				TARGETED_DEVICE_FAMILY = 1;
			};
			name = Release;
		};
/* End XCBuildConfiguration section */

/* Begin XCConfigurationList section */
		CBC730FB295550A100C7F198 /* Build configuration list for PBXProject "FoodBowl" */ = {
			isa = XCConfigurationList;
			buildConfigurations = (
				CBC73112295550A200C7F198 /* Debug */,
				CBC73113295550A200C7F198 /* Release */,
			);
			defaultConfigurationIsVisible = 0;
			defaultConfigurationName = Release;
		};
		CBC73114295550A200C7F198 /* Build configuration list for PBXNativeTarget "FoodBowl" */ = {
			isa = XCConfigurationList;
			buildConfigurations = (
				CBC73115295550A200C7F198 /* Debug */,
				CBC73116295550A200C7F198 /* Release */,
			);
			defaultConfigurationIsVisible = 0;
			defaultConfigurationName = Release;
		};
/* End XCConfigurationList section */

/* Begin XCRemoteSwiftPackageReference section */
		CBADC2402955989400E56C93 /* XCRemoteSwiftPackageReference "SnapKit" */ = {
			isa = XCRemoteSwiftPackageReference;
			repositoryURL = "https://github.com/SnapKit/SnapKit.git";
			requirement = {
				branch = develop;
				kind = branch;
			};
		};
		CBADC243295598A200E56C93 /* XCRemoteSwiftPackageReference "Then" */ = {
			isa = XCRemoteSwiftPackageReference;
			repositoryURL = "https://github.com/devxoul/Then.git";
			requirement = {
				branch = master;
				kind = branch;
			};
		};
		CBADC2462955993A00E56C93 /* XCRemoteSwiftPackageReference "SkeletonUI" */ = {
			isa = XCRemoteSwiftPackageReference;
			repositoryURL = "https://github.com/CSolanaM/SkeletonUI.git";
			requirement = {
				kind = upToNextMajorVersion;
				minimumVersion = 1.0.0;
			};
		};
/* End XCRemoteSwiftPackageReference section */

/* Begin XCSwiftPackageProductDependency section */
		CBADC2412955989400E56C93 /* SnapKit */ = {
			isa = XCSwiftPackageProductDependency;
			package = CBADC2402955989400E56C93 /* XCRemoteSwiftPackageReference "SnapKit" */;
			productName = SnapKit;
		};
		CBADC244295598A200E56C93 /* Then */ = {
			isa = XCSwiftPackageProductDependency;
			package = CBADC243295598A200E56C93 /* XCRemoteSwiftPackageReference "Then" */;
			productName = Then;
		};
		CBADC2472955993A00E56C93 /* SkeletonUI */ = {
			isa = XCSwiftPackageProductDependency;
			package = CBADC2462955993A00E56C93 /* XCRemoteSwiftPackageReference "SkeletonUI" */;
			productName = SkeletonUI;
		};
/* End XCSwiftPackageProductDependency section */
	};
	rootObject = CBC730F8295550A100C7F198 /* Project object */;
}
