// !$*UTF8*$!
{
	archiveVersion = 1;
	classes = {
	};
	objectVersion = 56;
	objects = {

/* Begin PBXBuildFile section */
		CB1566D9298D72FF0056B7D9 /* LocationManager.swift in Sources */ = {isa = PBXBuildFile; fileRef = CB1566D8298D72FF0056B7D9 /* LocationManager.swift */; };
		CB1790C8296DAB470083D3A4 /* DynamicHeightCollectionViewFlowLayout.swift in Sources */ = {isa = PBXBuildFile; fileRef = CB1790C7296DAB470083D3A4 /* DynamicHeightCollectionViewFlowLayout.swift */; };
		CB1A7C5C29560C2300C6431D /* UserInfoView.swift in Sources */ = {isa = PBXBuildFile; fileRef = CB1A7C5B29560C2300C6431D /* UserInfoView.swift */; };
		CB1A7C5E295618A900C6431D /* SettingButton.swift in Sources */ = {isa = PBXBuildFile; fileRef = CB1A7C5D295618A900C6431D /* SettingButton.swift */; };
		CB1A7C6129561BCF00C6431D /* UserProfileView.swift in Sources */ = {isa = PBXBuildFile; fileRef = CB1A7C6029561BCF00C6431D /* UserProfileView.swift */; };
		CB1A7C6329561CF300C6431D /* SubButton.swift in Sources */ = {isa = PBXBuildFile; fileRef = CB1A7C6229561CF300C6431D /* SubButton.swift */; };
		CB1A7C6829576D7900C6431D /* BaseScrollView.swift in Sources */ = {isa = PBXBuildFile; fileRef = CB1A7C6729576D7900C6431D /* BaseScrollView.swift */; };
		CB1A7C6A29576DCC00C6431D /* HorizontalScrollView.swift in Sources */ = {isa = PBXBuildFile; fileRef = CB1A7C6929576DCC00C6431D /* HorizontalScrollView.swift */; };
		CB1BCAF72958B15B0021617D /* StoreInfoView.swift in Sources */ = {isa = PBXBuildFile; fileRef = CB1BCAF62958B15B0021617D /* StoreInfoView.swift */; };
		CB2E4F7A2976F01700FD2566 /* UnderlineSegmentedControl.swift in Sources */ = {isa = PBXBuildFile; fileRef = CB2E4F792976F01700FD2566 /* UnderlineSegmentedControl.swift */; };
		CB2E4F7C2977025C00FD2566 /* SearchStoreResultViewController.swift in Sources */ = {isa = PBXBuildFile; fileRef = CB2E4F7B2977025C00FD2566 /* SearchStoreResultViewController.swift */; };
		CB2E4F7F297702A800FD2566 /* StoreInfoTableViewCell.swift in Sources */ = {isa = PBXBuildFile; fileRef = CB2E4F7E297702A800FD2566 /* StoreInfoTableViewCell.swift */; };
		CB2E4F81297702B800FD2566 /* UserInfoTableViewCell.swift in Sources */ = {isa = PBXBuildFile; fileRef = CB2E4F80297702B800FD2566 /* UserInfoTableViewCell.swift */; };
		CB2E4F83297702C900FD2566 /* SearchUserResultViewController.swift in Sources */ = {isa = PBXBuildFile; fileRef = CB2E4F82297702C900FD2566 /* SearchUserResultViewController.swift */; };
		CB2E4F8529772FFE00FD2566 /* UserFeedViewController.swift in Sources */ = {isa = PBXBuildFile; fileRef = CB2E4F8429772FFE00FD2566 /* UserFeedViewController.swift */; };
		CB2E4F892977393700FD2566 /* UserInfoButton.swift in Sources */ = {isa = PBXBuildFile; fileRef = CB2E4F882977393700FD2566 /* UserInfoButton.swift */; };
		CB4FBBF22978CFA90052D371 /* FollowerViewController.swift in Sources */ = {isa = PBXBuildFile; fileRef = CB4FBBF12978CFA90052D371 /* FollowerViewController.swift */; };
		CB4FBBF42978CFE40052D371 /* FollowingViewController.swift in Sources */ = {isa = PBXBuildFile; fileRef = CB4FBBF32978CFE40052D371 /* FollowingViewController.swift */; };
		CB558E9A29746B5D00921943 /* PhotoCollectionViewCell.swift in Sources */ = {isa = PBXBuildFile; fileRef = CB558E9929746B5D00921943 /* PhotoCollectionViewCell.swift */; };
		CB558E9C2975B80B00921943 /* Feed.swift in Sources */ = {isa = PBXBuildFile; fileRef = CB558E9B2975B80B00921943 /* Feed.swift */; };
		CB5AF8A929854AA0003D16D4 /* MapItem.swift in Sources */ = {isa = PBXBuildFile; fileRef = CB5AF8A829854AA0003D16D4 /* MapItem.swift */; };
		CB7F3325298A51560000A6B4 /* UserDefaultStorage.swift in Sources */ = {isa = PBXBuildFile; fileRef = CB7F3324298A51560000A6B4 /* UserDefaultStorage.swift */; };
		CB7F3327298A51610000A6B4 /* UserDefaultHandler.swift in Sources */ = {isa = PBXBuildFile; fileRef = CB7F3326298A51610000A6B4 /* UserDefaultHandler.swift */; };
		CB8A2D9B297844720018AC6E /* Marker.swift in Sources */ = {isa = PBXBuildFile; fileRef = CB8A2D9A297844720018AC6E /* Marker.swift */; };
		CBA7F17F297DB2F6006088A0 /* SetProfileViewController.swift in Sources */ = {isa = PBXBuildFile; fileRef = CBA7F17E297DB2F6006088A0 /* SetProfileViewController.swift */; };
		CBA7F182297DB319006088A0 /* OnboardingViewController.swift in Sources */ = {isa = PBXBuildFile; fileRef = CBA7F181297DB319006088A0 /* OnboardingViewController.swift */; };
		CBA7F184297DBB01006088A0 /* YPImagePicker+Extension.swift in Sources */ = {isa = PBXBuildFile; fileRef = CBA7F183297DBB01006088A0 /* YPImagePicker+Extension.swift */; };
		CBADC2422955989400E56C93 /* SnapKit in Frameworks */ = {isa = PBXBuildFile; productRef = CBADC2412955989400E56C93 /* SnapKit */; };
		CBADC245295598A200E56C93 /* Then in Frameworks */ = {isa = PBXBuildFile; productRef = CBADC244295598A200E56C93 /* Then */; };
		CBADC2482955993A00E56C93 /* SkeletonUI in Frameworks */ = {isa = PBXBuildFile; productRef = CBADC2472955993A00E56C93 /* SkeletonUI */; };
		CBADC24E29559AA900E56C93 /* .swiftlint.yml in Resources */ = {isa = PBXBuildFile; fileRef = CBADC24D29559AA900E56C93 /* .swiftlint.yml */; };
		CBADC25029559AB700E56C93 /* .swiftformat in Resources */ = {isa = PBXBuildFile; fileRef = CBADC24F29559AB700E56C93 /* .swiftformat */; };
		CBADC28329559BC900E56C93 /* ImageLiteral.swift in Sources */ = {isa = PBXBuildFile; fileRef = CBADC25929559BC900E56C93 /* ImageLiteral.swift */; };
		CBADC28629559BC900E56C93 /* Logger.swift in Sources */ = {isa = PBXBuildFile; fileRef = CBADC25D29559BC900E56C93 /* Logger.swift */; };
		CBADC28A29559BC900E56C93 /* UIFont+Extension.swift in Sources */ = {isa = PBXBuildFile; fileRef = CBADC26229559BC900E56C93 /* UIFont+Extension.swift */; };
		CBADC28B29559BC900E56C93 /* UIColor+Extension.swift in Sources */ = {isa = PBXBuildFile; fileRef = CBADC26329559BC900E56C93 /* UIColor+Extension.swift */; };
		CBADC28C29559BC900E56C93 /* UILabel+Extension.swift in Sources */ = {isa = PBXBuildFile; fileRef = CBADC26429559BC900E56C93 /* UILabel+Extension.swift */; };
		CBADC28D29559BC900E56C93 /* NSObject+Extension.swift in Sources */ = {isa = PBXBuildFile; fileRef = CBADC26529559BC900E56C93 /* NSObject+Extension.swift */; };
		CBADC28E29559BC900E56C93 /* UIView+Extension.swift in Sources */ = {isa = PBXBuildFile; fileRef = CBADC26629559BC900E56C93 /* UIView+Extension.swift */; };
		CBADC29029559BC900E56C93 /* UIViewController+Extension.swift in Sources */ = {isa = PBXBuildFile; fileRef = CBADC26829559BC900E56C93 /* UIViewController+Extension.swift */; };
		CBADC29129559BC900E56C93 /* UICollectionView+Extension.swift in Sources */ = {isa = PBXBuildFile; fileRef = CBADC26929559BC900E56C93 /* UICollectionView+Extension.swift */; };
		CBADC29229559BC900E56C93 /* Sequence+Extension.swift in Sources */ = {isa = PBXBuildFile; fileRef = CBADC26A29559BC900E56C93 /* Sequence+Extension.swift */; };
		CBADC29429559BC900E56C93 /* Notification+Extension.swift in Sources */ = {isa = PBXBuildFile; fileRef = CBADC26C29559BC900E56C93 /* Notification+Extension.swift */; };
		CBADC29529559BC900E56C93 /* UITextView+Extension.swift in Sources */ = {isa = PBXBuildFile; fileRef = CBADC26D29559BC900E56C93 /* UITextView+Extension.swift */; };
		CBADC29629559BC900E56C93 /* UITableView+Extension.swift in Sources */ = {isa = PBXBuildFile; fileRef = CBADC26E29559BC900E56C93 /* UITableView+Extension.swift */; };
		CBADC29A29559BC900E56C93 /* BaseViewController.swift in Sources */ = {isa = PBXBuildFile; fileRef = CBADC27529559BC900E56C93 /* BaseViewController.swift */; };
		CBADC29B29559BC900E56C93 /* BaseTableViewCell.swift in Sources */ = {isa = PBXBuildFile; fileRef = CBADC27629559BC900E56C93 /* BaseTableViewCell.swift */; };
		CBADC29C29559BC900E56C93 /* BaseCollectionViewCell.swift in Sources */ = {isa = PBXBuildFile; fileRef = CBADC27729559BC900E56C93 /* BaseCollectionViewCell.swift */; };
		CBADC29E29559BC900E56C93 /* SendButton.swift in Sources */ = {isa = PBXBuildFile; fileRef = CBADC27A29559BC900E56C93 /* SendButton.swift */; };
		CBADC2A029559BC900E56C93 /* PaddingLabel.swift in Sources */ = {isa = PBXBuildFile; fileRef = CBADC27C29559BC900E56C93 /* PaddingLabel.swift */; };
		CBADC2A129559BC900E56C93 /* BackButton.swift in Sources */ = {isa = PBXBuildFile; fileRef = CBADC27D29559BC900E56C93 /* BackButton.swift */; };
		CBADC2A92955A0CB00E56C93 /* SearchViewController.swift in Sources */ = {isa = PBXBuildFile; fileRef = CBADC2A82955A0CB00E56C93 /* SearchViewController.swift */; };
		CBADC2AD2955A0FF00E56C93 /* ProfileViewController.swift in Sources */ = {isa = PBXBuildFile; fileRef = CBADC2AC2955A0FF00E56C93 /* ProfileViewController.swift */; };
		CBADC2B32955A16A00E56C93 /* SetStoreViewController.swift in Sources */ = {isa = PBXBuildFile; fileRef = CBADC2B22955A16A00E56C93 /* SetStoreViewController.swift */; };
		CBADC2B52955A18C00E56C93 /* SearchStoreViewController.swift in Sources */ = {isa = PBXBuildFile; fileRef = CBADC2B42955A18C00E56C93 /* SearchStoreViewController.swift */; };
		CBADC2B72955A1BD00E56C93 /* SetPhotoViewController.swift in Sources */ = {isa = PBXBuildFile; fileRef = CBADC2B62955A1BD00E56C93 /* SetPhotoViewController.swift */; };
		CBADC2B92955A1CC00E56C93 /* SetCommentViewController.swift in Sources */ = {isa = PBXBuildFile; fileRef = CBADC2B82955A1CC00E56C93 /* SetCommentViewController.swift */; };
		CBADC2BD2955A22D00E56C93 /* SearchResultViewController.swift in Sources */ = {isa = PBXBuildFile; fileRef = CBADC2BC2955A22D00E56C93 /* SearchResultViewController.swift */; };
		CBADC2CF2955A41500E56C93 /* TabBarController.swift in Sources */ = {isa = PBXBuildFile; fileRef = CBADC2CE2955A41500E56C93 /* TabBarController.swift */; };
		CBADC2D82955AC5900E56C93 /* FeedCollectionViewCell.swift in Sources */ = {isa = PBXBuildFile; fileRef = CBADC2D72955AC5900E56C93 /* FeedCollectionViewCell.swift */; };
		CBADC2DE2955ACBB00E56C93 /* EmptyFeedView.swift in Sources */ = {isa = PBXBuildFile; fileRef = CBADC2DD2955ACBB00E56C93 /* EmptyFeedView.swift */; };
		CBADC2E02955B92D00E56C93 /* MainButton.swift in Sources */ = {isa = PBXBuildFile; fileRef = CBADC2DF2955B92D00E56C93 /* MainButton.swift */; };
		CBADC2E22955C63300E56C93 /* FeedThumnailCollectionViewCell.swift in Sources */ = {isa = PBXBuildFile; fileRef = CBADC2E12955C63300E56C93 /* FeedThumnailCollectionViewCell.swift */; };
		CBB12B142985845900AC0EF2 /* String+Extension.swift in Sources */ = {isa = PBXBuildFile; fileRef = CBB12B132985845900AC0EF2 /* String+Extension.swift */; };
		CBB582802972C9C400808B0B /* Alamofire in Frameworks */ = {isa = PBXBuildFile; productRef = CBB5827F2972C9C400808B0B /* Alamofire */; };
		CBB582822973007D00808B0B /* ShowWebViewController.swift in Sources */ = {isa = PBXBuildFile; fileRef = CBB582812973007D00808B0B /* ShowWebViewController.swift */; };
		CBB58284297440A600808B0B /* CategoryCollectionViewCell.swift in Sources */ = {isa = PBXBuildFile; fileRef = CBB58283297440A600808B0B /* CategoryCollectionViewCell.swift */; };
		CBB582872974568500808B0B /* YPImagePicker in Frameworks */ = {isa = PBXBuildFile; productRef = CBB582862974568500808B0B /* YPImagePicker */; };
		CBB5828929745A8200808B0B /* GalleryButton.swift in Sources */ = {isa = PBXBuildFile; fileRef = CBB5828829745A8200808B0B /* GalleryButton.swift */; };
		CBB778D92979B17200B9994A /* PinButton.swift in Sources */ = {isa = PBXBuildFile; fileRef = CBB778D82979B17200B9994A /* PinButton.swift */; };
		CBC73104295550A100C7F198 /* AppDelegate.swift in Sources */ = {isa = PBXBuildFile; fileRef = CBC73103295550A100C7F198 /* AppDelegate.swift */; };
		CBC73106295550A100C7F198 /* SceneDelegate.swift in Sources */ = {isa = PBXBuildFile; fileRef = CBC73105295550A100C7F198 /* SceneDelegate.swift */; };
		CBC73108295550A100C7F198 /* FeedViewController.swift in Sources */ = {isa = PBXBuildFile; fileRef = CBC73107295550A100C7F198 /* FeedViewController.swift */; };
		CBC7310D295550A200C7F198 /* Assets.xcassets in Resources */ = {isa = PBXBuildFile; fileRef = CBC7310C295550A200C7F198 /* Assets.xcassets */; };
		CBC73110295550A200C7F198 /* LaunchScreen.storyboard in Resources */ = {isa = PBXBuildFile; fileRef = CBC7310E295550A200C7F198 /* LaunchScreen.storyboard */; };
		CBD1B5EF2982A5AD00B0AD51 /* EditProfileViewController.swift in Sources */ = {isa = PBXBuildFile; fileRef = CBD1B5EE2982A5AD00B0AD51 /* EditProfileViewController.swift */; };
		CBD1B5F12982B0A300B0AD51 /* SettingViewController.swift in Sources */ = {isa = PBXBuildFile; fileRef = CBD1B5F02982B0A300B0AD51 /* SettingViewController.swift */; };
		CBD1B5F42982D39B00B0AD51 /* SettingItemTableViewCell.swift in Sources */ = {isa = PBXBuildFile; fileRef = CBD1B5F32982D39B00B0AD51 /* SettingItemTableViewCell.swift */; };
		CBD1B5F82982D9E100B0AD51 /* ForwardButton.swift in Sources */ = {isa = PBXBuildFile; fileRef = CBD1B5F72982D9E100B0AD51 /* ForwardButton.swift */; };
		CBD1B5FA2982E55F00B0AD51 /* AgreementViewController.swift in Sources */ = {isa = PBXBuildFile; fileRef = CBD1B5F92982E55F00B0AD51 /* AgreementViewController.swift */; };
		CBD1B5FC2982E83800B0AD51 /* CheckBox.swift in Sources */ = {isa = PBXBuildFile; fileRef = CBD1B5FB2982E83800B0AD51 /* CheckBox.swift */; };
		CBD1B5FE2982F19300B0AD51 /* UIButton+Extension.swift in Sources */ = {isa = PBXBuildFile; fileRef = CBD1B5FD2982F19300B0AD51 /* UIButton+Extension.swift */; };
		CBD1B6002984297100B0AD51 /* ChatSendView.swift in Sources */ = {isa = PBXBuildFile; fileRef = CBD1B5FF2984297100B0AD51 /* ChatSendView.swift */; };
		CBD1B6022984394A00B0AD51 /* FeedButton.swift in Sources */ = {isa = PBXBuildFile; fileRef = CBD1B6012984394A00B0AD51 /* FeedButton.swift */; };
		CBDB8F8129897E0200DA2B1E /* Baumans-Regular.ttf in Resources */ = {isa = PBXBuildFile; fileRef = CBDB8F7F298979DD00DA2B1E /* Baumans-Regular.ttf */; };
		CBDC8D722A56DB98007B49FA /* BookmarkViewController.swift in Sources */ = {isa = PBXBuildFile; fileRef = CBDC8D712A56DB98007B49FA /* BookmarkViewController.swift */; };
		CBDE38F92970745600DDE49A /* AddFeedViewController.swift in Sources */ = {isa = PBXBuildFile; fileRef = CBDE38F82970745600DDE49A /* AddFeedViewController.swift */; };
		CBDE38FB2970774800DDE49A /* CloseButton.swift in Sources */ = {isa = PBXBuildFile; fileRef = CBDE38FA2970774800DDE49A /* CloseButton.swift */; };
		CBDE38FD29715C5F00DDE49A /* SearchBarButton.swift in Sources */ = {isa = PBXBuildFile; fileRef = CBDE38FC29715C5F00DDE49A /* SearchBarButton.swift */; };
		CBDE39022971947B00DDE49A /* StoreSearchTableViewCell.swift in Sources */ = {isa = PBXBuildFile; fileRef = CBDE39012971947B00DDE49A /* StoreSearchTableViewCell.swift */; };
		CBDE390529719B9700DDE49A /* Place.swift in Sources */ = {isa = PBXBuildFile; fileRef = CBDE390429719B9700DDE49A /* Place.swift */; };
		CBDE390729719CB400DDE49A /* SelectedStoreView.swift in Sources */ = {isa = PBXBuildFile; fileRef = CBDE390629719CB400DDE49A /* SelectedStoreView.swift */; };
		CBE6190C296C635D005295AF /* FollowButton.swift in Sources */ = {isa = PBXBuildFile; fileRef = CBE6190B296C635D005295AF /* FollowButton.swift */; };
		CBE6190F296C6435005295AF /* MapViewController.swift in Sources */ = {isa = PBXBuildFile; fileRef = CBE6190E296C6435005295AF /* MapViewController.swift */; };
		CBE61911296C6804005295AF /* OptionButton.swift in Sources */ = {isa = PBXBuildFile; fileRef = CBE61910296C6804005295AF /* OptionButton.swift */; };
		CBE61913296C68D9005295AF /* PlusButton.swift in Sources */ = {isa = PBXBuildFile; fileRef = CBE61912296C68D9005295AF /* PlusButton.swift */; };
		CBE61917296C7C1F005295AF /* SetCategoryViewController.swift in Sources */ = {isa = PBXBuildFile; fileRef = CBE61916296C7C1F005295AF /* SetCategoryViewController.swift */; };
		CBFB52552977B9240049E8BA /* StoreFeedViewController.swift in Sources */ = {isa = PBXBuildFile; fileRef = CBFB52542977B9240049E8BA /* StoreFeedViewController.swift */; };
		CBFB52572977B94A0049E8BA /* ChatViewController.swift in Sources */ = {isa = PBXBuildFile; fileRef = CBFB52562977B94A0049E8BA /* ChatViewController.swift */; };
		CBFB525B2977B99B0049E8BA /* ChatTableViewCell.swift in Sources */ = {isa = PBXBuildFile; fileRef = CBFB525A2977B99B0049E8BA /* ChatTableViewCell.swift */; };
		CBFB525D2977B9C00049E8BA /* EmptyCommentView.swift in Sources */ = {isa = PBXBuildFile; fileRef = CBFB525C2977B9C00049E8BA /* EmptyCommentView.swift */; };
		CBFB525F2977C4800049E8BA /* MoreButton.swift in Sources */ = {isa = PBXBuildFile; fileRef = CBFB525E2977C4800049E8BA /* MoreButton.swift */; };
		CBFB52612977C9AB0049E8BA /* FindStoreViewController.swift in Sources */ = {isa = PBXBuildFile; fileRef = CBFB52602977C9AB0049E8BA /* FindStoreViewController.swift */; };
		CBFB52632977CB9F0049E8BA /* UserMapViewController.swift in Sources */ = {isa = PBXBuildFile; fileRef = CBFB52622977CB9F0049E8BA /* UserMapViewController.swift */; };
/* End PBXBuildFile section */

/* Begin PBXFileReference section */
		CB1566D8298D72FF0056B7D9 /* LocationManager.swift */ = {isa = PBXFileReference; lastKnownFileType = sourcecode.swift; path = LocationManager.swift; sourceTree = "<group>"; };
		CB1790C7296DAB470083D3A4 /* DynamicHeightCollectionViewFlowLayout.swift */ = {isa = PBXFileReference; lastKnownFileType = sourcecode.swift; path = DynamicHeightCollectionViewFlowLayout.swift; sourceTree = "<group>"; };
		CB1A7C5B29560C2300C6431D /* UserInfoView.swift */ = {isa = PBXFileReference; lastKnownFileType = sourcecode.swift; path = UserInfoView.swift; sourceTree = "<group>"; };
		CB1A7C5D295618A900C6431D /* SettingButton.swift */ = {isa = PBXFileReference; lastKnownFileType = sourcecode.swift; path = SettingButton.swift; sourceTree = "<group>"; };
		CB1A7C6029561BCF00C6431D /* UserProfileView.swift */ = {isa = PBXFileReference; lastKnownFileType = sourcecode.swift; path = UserProfileView.swift; sourceTree = "<group>"; };
		CB1A7C6229561CF300C6431D /* SubButton.swift */ = {isa = PBXFileReference; lastKnownFileType = sourcecode.swift; path = SubButton.swift; sourceTree = "<group>"; };
		CB1A7C6729576D7900C6431D /* BaseScrollView.swift */ = {isa = PBXFileReference; lastKnownFileType = sourcecode.swift; path = BaseScrollView.swift; sourceTree = "<group>"; };
		CB1A7C6929576DCC00C6431D /* HorizontalScrollView.swift */ = {isa = PBXFileReference; lastKnownFileType = sourcecode.swift; path = HorizontalScrollView.swift; sourceTree = "<group>"; };
		CB1BCAF62958B15B0021617D /* StoreInfoView.swift */ = {isa = PBXFileReference; lastKnownFileType = sourcecode.swift; path = StoreInfoView.swift; sourceTree = "<group>"; };
		CB2E4F792976F01700FD2566 /* UnderlineSegmentedControl.swift */ = {isa = PBXFileReference; lastKnownFileType = sourcecode.swift; path = UnderlineSegmentedControl.swift; sourceTree = "<group>"; };
		CB2E4F7B2977025C00FD2566 /* SearchStoreResultViewController.swift */ = {isa = PBXFileReference; lastKnownFileType = sourcecode.swift; path = SearchStoreResultViewController.swift; sourceTree = "<group>"; };
		CB2E4F7E297702A800FD2566 /* StoreInfoTableViewCell.swift */ = {isa = PBXFileReference; lastKnownFileType = sourcecode.swift; path = StoreInfoTableViewCell.swift; sourceTree = "<group>"; };
		CB2E4F80297702B800FD2566 /* UserInfoTableViewCell.swift */ = {isa = PBXFileReference; lastKnownFileType = sourcecode.swift; path = UserInfoTableViewCell.swift; sourceTree = "<group>"; };
		CB2E4F82297702C900FD2566 /* SearchUserResultViewController.swift */ = {isa = PBXFileReference; lastKnownFileType = sourcecode.swift; path = SearchUserResultViewController.swift; sourceTree = "<group>"; };
		CB2E4F8429772FFE00FD2566 /* UserFeedViewController.swift */ = {isa = PBXFileReference; lastKnownFileType = sourcecode.swift; path = UserFeedViewController.swift; sourceTree = "<group>"; };
		CB2E4F882977393700FD2566 /* UserInfoButton.swift */ = {isa = PBXFileReference; lastKnownFileType = sourcecode.swift; path = UserInfoButton.swift; sourceTree = "<group>"; };
		CB4FBBF12978CFA90052D371 /* FollowerViewController.swift */ = {isa = PBXFileReference; lastKnownFileType = sourcecode.swift; path = FollowerViewController.swift; sourceTree = "<group>"; };
		CB4FBBF32978CFE40052D371 /* FollowingViewController.swift */ = {isa = PBXFileReference; lastKnownFileType = sourcecode.swift; path = FollowingViewController.swift; sourceTree = "<group>"; };
		CB558E9929746B5D00921943 /* PhotoCollectionViewCell.swift */ = {isa = PBXFileReference; lastKnownFileType = sourcecode.swift; path = PhotoCollectionViewCell.swift; sourceTree = "<group>"; };
		CB558E9B2975B80B00921943 /* Feed.swift */ = {isa = PBXFileReference; lastKnownFileType = sourcecode.swift; path = Feed.swift; sourceTree = "<group>"; };
		CB5AF8A829854AA0003D16D4 /* MapItem.swift */ = {isa = PBXFileReference; lastKnownFileType = sourcecode.swift; path = MapItem.swift; sourceTree = "<group>"; };
		CB7F3321298A4F1E0000A6B4 /* FoodBowl.entitlements */ = {isa = PBXFileReference; lastKnownFileType = text.plist.entitlements; path = FoodBowl.entitlements; sourceTree = "<group>"; };
		CB7F3324298A51560000A6B4 /* UserDefaultStorage.swift */ = {isa = PBXFileReference; lastKnownFileType = sourcecode.swift; path = UserDefaultStorage.swift; sourceTree = "<group>"; };
		CB7F3326298A51610000A6B4 /* UserDefaultHandler.swift */ = {isa = PBXFileReference; lastKnownFileType = sourcecode.swift; path = UserDefaultHandler.swift; sourceTree = "<group>"; };
		CB8A2D9A297844720018AC6E /* Marker.swift */ = {isa = PBXFileReference; lastKnownFileType = sourcecode.swift; path = Marker.swift; sourceTree = "<group>"; };
		CBA7F17E297DB2F6006088A0 /* SetProfileViewController.swift */ = {isa = PBXFileReference; lastKnownFileType = sourcecode.swift; path = SetProfileViewController.swift; sourceTree = "<group>"; };
		CBA7F181297DB319006088A0 /* OnboardingViewController.swift */ = {isa = PBXFileReference; lastKnownFileType = sourcecode.swift; path = OnboardingViewController.swift; sourceTree = "<group>"; };
		CBA7F183297DBB01006088A0 /* YPImagePicker+Extension.swift */ = {isa = PBXFileReference; lastKnownFileType = sourcecode.swift; path = "YPImagePicker+Extension.swift"; sourceTree = "<group>"; };
		CBADC24D29559AA900E56C93 /* .swiftlint.yml */ = {isa = PBXFileReference; lastKnownFileType = text.yaml; path = .swiftlint.yml; sourceTree = "<group>"; };
		CBADC24F29559AB700E56C93 /* .swiftformat */ = {isa = PBXFileReference; lastKnownFileType = text; path = .swiftformat; sourceTree = "<group>"; };
		CBADC25929559BC900E56C93 /* ImageLiteral.swift */ = {isa = PBXFileReference; fileEncoding = 4; lastKnownFileType = sourcecode.swift; path = ImageLiteral.swift; sourceTree = "<group>"; };
		CBADC25D29559BC900E56C93 /* Logger.swift */ = {isa = PBXFileReference; fileEncoding = 4; lastKnownFileType = sourcecode.swift; path = Logger.swift; sourceTree = "<group>"; };
		CBADC26229559BC900E56C93 /* UIFont+Extension.swift */ = {isa = PBXFileReference; fileEncoding = 4; lastKnownFileType = sourcecode.swift; path = "UIFont+Extension.swift"; sourceTree = "<group>"; };
		CBADC26329559BC900E56C93 /* UIColor+Extension.swift */ = {isa = PBXFileReference; fileEncoding = 4; lastKnownFileType = sourcecode.swift; path = "UIColor+Extension.swift"; sourceTree = "<group>"; };
		CBADC26429559BC900E56C93 /* UILabel+Extension.swift */ = {isa = PBXFileReference; fileEncoding = 4; lastKnownFileType = sourcecode.swift; path = "UILabel+Extension.swift"; sourceTree = "<group>"; };
		CBADC26529559BC900E56C93 /* NSObject+Extension.swift */ = {isa = PBXFileReference; fileEncoding = 4; lastKnownFileType = sourcecode.swift; path = "NSObject+Extension.swift"; sourceTree = "<group>"; };
		CBADC26629559BC900E56C93 /* UIView+Extension.swift */ = {isa = PBXFileReference; fileEncoding = 4; lastKnownFileType = sourcecode.swift; path = "UIView+Extension.swift"; sourceTree = "<group>"; };
		CBADC26829559BC900E56C93 /* UIViewController+Extension.swift */ = {isa = PBXFileReference; fileEncoding = 4; lastKnownFileType = sourcecode.swift; path = "UIViewController+Extension.swift"; sourceTree = "<group>"; };
		CBADC26929559BC900E56C93 /* UICollectionView+Extension.swift */ = {isa = PBXFileReference; fileEncoding = 4; lastKnownFileType = sourcecode.swift; path = "UICollectionView+Extension.swift"; sourceTree = "<group>"; };
		CBADC26A29559BC900E56C93 /* Sequence+Extension.swift */ = {isa = PBXFileReference; fileEncoding = 4; lastKnownFileType = sourcecode.swift; path = "Sequence+Extension.swift"; sourceTree = "<group>"; };
		CBADC26C29559BC900E56C93 /* Notification+Extension.swift */ = {isa = PBXFileReference; fileEncoding = 4; lastKnownFileType = sourcecode.swift; path = "Notification+Extension.swift"; sourceTree = "<group>"; };
		CBADC26D29559BC900E56C93 /* UITextView+Extension.swift */ = {isa = PBXFileReference; fileEncoding = 4; lastKnownFileType = sourcecode.swift; path = "UITextView+Extension.swift"; sourceTree = "<group>"; };
		CBADC26E29559BC900E56C93 /* UITableView+Extension.swift */ = {isa = PBXFileReference; fileEncoding = 4; lastKnownFileType = sourcecode.swift; path = "UITableView+Extension.swift"; sourceTree = "<group>"; };
		CBADC27529559BC900E56C93 /* BaseViewController.swift */ = {isa = PBXFileReference; fileEncoding = 4; lastKnownFileType = sourcecode.swift; path = BaseViewController.swift; sourceTree = "<group>"; };
		CBADC27629559BC900E56C93 /* BaseTableViewCell.swift */ = {isa = PBXFileReference; fileEncoding = 4; lastKnownFileType = sourcecode.swift; path = BaseTableViewCell.swift; sourceTree = "<group>"; };
		CBADC27729559BC900E56C93 /* BaseCollectionViewCell.swift */ = {isa = PBXFileReference; fileEncoding = 4; lastKnownFileType = sourcecode.swift; path = BaseCollectionViewCell.swift; sourceTree = "<group>"; };
		CBADC27A29559BC900E56C93 /* SendButton.swift */ = {isa = PBXFileReference; fileEncoding = 4; lastKnownFileType = sourcecode.swift; path = SendButton.swift; sourceTree = "<group>"; };
		CBADC27C29559BC900E56C93 /* PaddingLabel.swift */ = {isa = PBXFileReference; fileEncoding = 4; lastKnownFileType = sourcecode.swift; path = PaddingLabel.swift; sourceTree = "<group>"; };
		CBADC27D29559BC900E56C93 /* BackButton.swift */ = {isa = PBXFileReference; fileEncoding = 4; lastKnownFileType = sourcecode.swift; path = BackButton.swift; sourceTree = "<group>"; };
		CBADC2A82955A0CB00E56C93 /* SearchViewController.swift */ = {isa = PBXFileReference; lastKnownFileType = sourcecode.swift; path = SearchViewController.swift; sourceTree = "<group>"; };
		CBADC2AC2955A0FF00E56C93 /* ProfileViewController.swift */ = {isa = PBXFileReference; lastKnownFileType = sourcecode.swift; path = ProfileViewController.swift; sourceTree = "<group>"; };
		CBADC2B22955A16A00E56C93 /* SetStoreViewController.swift */ = {isa = PBXFileReference; lastKnownFileType = sourcecode.swift; path = SetStoreViewController.swift; sourceTree = "<group>"; };
		CBADC2B42955A18C00E56C93 /* SearchStoreViewController.swift */ = {isa = PBXFileReference; lastKnownFileType = sourcecode.swift; path = SearchStoreViewController.swift; sourceTree = "<group>"; };
		CBADC2B62955A1BD00E56C93 /* SetPhotoViewController.swift */ = {isa = PBXFileReference; lastKnownFileType = sourcecode.swift; path = SetPhotoViewController.swift; sourceTree = "<group>"; };
		CBADC2B82955A1CC00E56C93 /* SetCommentViewController.swift */ = {isa = PBXFileReference; lastKnownFileType = sourcecode.swift; path = SetCommentViewController.swift; sourceTree = "<group>"; };
		CBADC2BC2955A22D00E56C93 /* SearchResultViewController.swift */ = {isa = PBXFileReference; lastKnownFileType = sourcecode.swift; path = SearchResultViewController.swift; sourceTree = "<group>"; };
		CBADC2CE2955A41500E56C93 /* TabBarController.swift */ = {isa = PBXFileReference; fileEncoding = 4; lastKnownFileType = sourcecode.swift; path = TabBarController.swift; sourceTree = "<group>"; };
		CBADC2D72955AC5900E56C93 /* FeedCollectionViewCell.swift */ = {isa = PBXFileReference; fileEncoding = 4; lastKnownFileType = sourcecode.swift; path = FeedCollectionViewCell.swift; sourceTree = "<group>"; };
		CBADC2DD2955ACBB00E56C93 /* EmptyFeedView.swift */ = {isa = PBXFileReference; fileEncoding = 4; lastKnownFileType = sourcecode.swift; path = EmptyFeedView.swift; sourceTree = "<group>"; };
		CBADC2DF2955B92D00E56C93 /* MainButton.swift */ = {isa = PBXFileReference; lastKnownFileType = sourcecode.swift; path = MainButton.swift; sourceTree = "<group>"; };
		CBADC2E12955C63300E56C93 /* FeedThumnailCollectionViewCell.swift */ = {isa = PBXFileReference; lastKnownFileType = sourcecode.swift; path = FeedThumnailCollectionViewCell.swift; sourceTree = "<group>"; };
		CBB12B132985845900AC0EF2 /* String+Extension.swift */ = {isa = PBXFileReference; lastKnownFileType = sourcecode.swift; path = "String+Extension.swift"; sourceTree = "<group>"; };
		CBB582812973007D00808B0B /* ShowWebViewController.swift */ = {isa = PBXFileReference; lastKnownFileType = sourcecode.swift; path = ShowWebViewController.swift; sourceTree = "<group>"; };
		CBB58283297440A600808B0B /* CategoryCollectionViewCell.swift */ = {isa = PBXFileReference; lastKnownFileType = sourcecode.swift; path = CategoryCollectionViewCell.swift; sourceTree = "<group>"; };
		CBB5828829745A8200808B0B /* GalleryButton.swift */ = {isa = PBXFileReference; lastKnownFileType = sourcecode.swift; path = GalleryButton.swift; sourceTree = "<group>"; };
		CBB778D82979B17200B9994A /* PinButton.swift */ = {isa = PBXFileReference; lastKnownFileType = sourcecode.swift; path = PinButton.swift; sourceTree = "<group>"; };
		CBC73100295550A100C7F198 /* FoodBowl.app */ = {isa = PBXFileReference; explicitFileType = wrapper.application; includeInIndex = 0; path = FoodBowl.app; sourceTree = BUILT_PRODUCTS_DIR; };
		CBC73103295550A100C7F198 /* AppDelegate.swift */ = {isa = PBXFileReference; lastKnownFileType = sourcecode.swift; path = AppDelegate.swift; sourceTree = "<group>"; };
		CBC73105295550A100C7F198 /* SceneDelegate.swift */ = {isa = PBXFileReference; lastKnownFileType = sourcecode.swift; path = SceneDelegate.swift; sourceTree = "<group>"; };
		CBC73107295550A100C7F198 /* FeedViewController.swift */ = {isa = PBXFileReference; lastKnownFileType = sourcecode.swift; path = FeedViewController.swift; sourceTree = "<group>"; };
		CBC7310C295550A200C7F198 /* Assets.xcassets */ = {isa = PBXFileReference; lastKnownFileType = folder.assetcatalog; path = Assets.xcassets; sourceTree = "<group>"; };
		CBC7310F295550A200C7F198 /* Base */ = {isa = PBXFileReference; lastKnownFileType = file.storyboard; name = Base; path = Base.lproj/LaunchScreen.storyboard; sourceTree = "<group>"; };
		CBC73111295550A200C7F198 /* Info.plist */ = {isa = PBXFileReference; lastKnownFileType = text.plist.xml; path = Info.plist; sourceTree = "<group>"; };
		CBD1B5EE2982A5AD00B0AD51 /* EditProfileViewController.swift */ = {isa = PBXFileReference; lastKnownFileType = sourcecode.swift; path = EditProfileViewController.swift; sourceTree = "<group>"; };
		CBD1B5F02982B0A300B0AD51 /* SettingViewController.swift */ = {isa = PBXFileReference; lastKnownFileType = sourcecode.swift; name = SettingViewController.swift; path = "../Deplicated Screens/Profile/SettingViewController.swift"; sourceTree = "<group>"; };
		CBD1B5F32982D39B00B0AD51 /* SettingItemTableViewCell.swift */ = {isa = PBXFileReference; lastKnownFileType = sourcecode.swift; path = SettingItemTableViewCell.swift; sourceTree = "<group>"; };
		CBD1B5F72982D9E100B0AD51 /* ForwardButton.swift */ = {isa = PBXFileReference; lastKnownFileType = sourcecode.swift; path = ForwardButton.swift; sourceTree = "<group>"; };
		CBD1B5F92982E55F00B0AD51 /* AgreementViewController.swift */ = {isa = PBXFileReference; lastKnownFileType = sourcecode.swift; path = AgreementViewController.swift; sourceTree = "<group>"; };
		CBD1B5FB2982E83800B0AD51 /* CheckBox.swift */ = {isa = PBXFileReference; lastKnownFileType = sourcecode.swift; path = CheckBox.swift; sourceTree = "<group>"; };
		CBD1B5FD2982F19300B0AD51 /* UIButton+Extension.swift */ = {isa = PBXFileReference; lastKnownFileType = sourcecode.swift; path = "UIButton+Extension.swift"; sourceTree = "<group>"; };
		CBD1B5FF2984297100B0AD51 /* ChatSendView.swift */ = {isa = PBXFileReference; fileEncoding = 4; lastKnownFileType = sourcecode.swift; path = ChatSendView.swift; sourceTree = "<group>"; };
		CBD1B6012984394A00B0AD51 /* FeedButton.swift */ = {isa = PBXFileReference; lastKnownFileType = sourcecode.swift; path = FeedButton.swift; sourceTree = "<group>"; };
		CBDB8F7F298979DD00DA2B1E /* Baumans-Regular.ttf */ = {isa = PBXFileReference; lastKnownFileType = file; path = "Baumans-Regular.ttf"; sourceTree = "<group>"; };
		CBDC8D712A56DB98007B49FA /* BookmarkViewController.swift */ = {isa = PBXFileReference; lastKnownFileType = sourcecode.swift; path = BookmarkViewController.swift; sourceTree = "<group>"; };
		CBDE38F82970745600DDE49A /* AddFeedViewController.swift */ = {isa = PBXFileReference; lastKnownFileType = sourcecode.swift; path = AddFeedViewController.swift; sourceTree = "<group>"; };
		CBDE38FA2970774800DDE49A /* CloseButton.swift */ = {isa = PBXFileReference; lastKnownFileType = sourcecode.swift; path = CloseButton.swift; sourceTree = "<group>"; };
		CBDE38FC29715C5F00DDE49A /* SearchBarButton.swift */ = {isa = PBXFileReference; lastKnownFileType = sourcecode.swift; path = SearchBarButton.swift; sourceTree = "<group>"; };
		CBDE39012971947B00DDE49A /* StoreSearchTableViewCell.swift */ = {isa = PBXFileReference; lastKnownFileType = sourcecode.swift; path = StoreSearchTableViewCell.swift; sourceTree = "<group>"; };
		CBDE390429719B9700DDE49A /* Place.swift */ = {isa = PBXFileReference; lastKnownFileType = sourcecode.swift; path = Place.swift; sourceTree = "<group>"; };
		CBDE390629719CB400DDE49A /* SelectedStoreView.swift */ = {isa = PBXFileReference; lastKnownFileType = sourcecode.swift; path = SelectedStoreView.swift; sourceTree = "<group>"; };
		CBE6190B296C635D005295AF /* FollowButton.swift */ = {isa = PBXFileReference; lastKnownFileType = sourcecode.swift; path = FollowButton.swift; sourceTree = "<group>"; };
		CBE6190E296C6435005295AF /* MapViewController.swift */ = {isa = PBXFileReference; lastKnownFileType = sourcecode.swift; path = MapViewController.swift; sourceTree = "<group>"; };
		CBE61910296C6804005295AF /* OptionButton.swift */ = {isa = PBXFileReference; lastKnownFileType = sourcecode.swift; path = OptionButton.swift; sourceTree = "<group>"; };
		CBE61912296C68D9005295AF /* PlusButton.swift */ = {isa = PBXFileReference; lastKnownFileType = sourcecode.swift; path = PlusButton.swift; sourceTree = "<group>"; };
		CBE61916296C7C1F005295AF /* SetCategoryViewController.swift */ = {isa = PBXFileReference; lastKnownFileType = sourcecode.swift; path = SetCategoryViewController.swift; sourceTree = "<group>"; };
		CBFB52542977B9240049E8BA /* StoreFeedViewController.swift */ = {isa = PBXFileReference; lastKnownFileType = sourcecode.swift; path = StoreFeedViewController.swift; sourceTree = "<group>"; };
		CBFB52562977B94A0049E8BA /* ChatViewController.swift */ = {isa = PBXFileReference; lastKnownFileType = sourcecode.swift; path = ChatViewController.swift; sourceTree = "<group>"; };
		CBFB525A2977B99B0049E8BA /* ChatTableViewCell.swift */ = {isa = PBXFileReference; lastKnownFileType = sourcecode.swift; path = ChatTableViewCell.swift; sourceTree = "<group>"; };
		CBFB525C2977B9C00049E8BA /* EmptyCommentView.swift */ = {isa = PBXFileReference; lastKnownFileType = sourcecode.swift; path = EmptyCommentView.swift; sourceTree = "<group>"; };
		CBFB525E2977C4800049E8BA /* MoreButton.swift */ = {isa = PBXFileReference; lastKnownFileType = sourcecode.swift; path = MoreButton.swift; sourceTree = "<group>"; };
		CBFB52602977C9AB0049E8BA /* FindStoreViewController.swift */ = {isa = PBXFileReference; lastKnownFileType = sourcecode.swift; path = FindStoreViewController.swift; sourceTree = "<group>"; };
		CBFB52622977CB9F0049E8BA /* UserMapViewController.swift */ = {isa = PBXFileReference; lastKnownFileType = sourcecode.swift; path = UserMapViewController.swift; sourceTree = "<group>"; };
/* End PBXFileReference section */

/* Begin PBXFrameworksBuildPhase section */
		CBC730FD295550A100C7F198 /* Frameworks */ = {
			isa = PBXFrameworksBuildPhase;
			buildActionMask = 2147483647;
			files = (
				CBADC2422955989400E56C93 /* SnapKit in Frameworks */,
				CBB582872974568500808B0B /* YPImagePicker in Frameworks */,
				CBB582802972C9C400808B0B /* Alamofire in Frameworks */,
				CBADC2482955993A00E56C93 /* SkeletonUI in Frameworks */,
				CBADC245295598A200E56C93 /* Then in Frameworks */,
			);
			runOnlyForDeploymentPostprocessing = 0;
		};
/* End PBXFrameworksBuildPhase section */

/* Begin PBXGroup section */
		CB1A7C5F29561B8400C6431D /* UIComponent */ = {
			isa = PBXGroup;
			children = (
				CB1A7C6029561BCF00C6431D /* UserProfileView.swift */,
				CB2E4F882977393700FD2566 /* UserInfoButton.swift */,
			);
			path = UIComponent;
			sourceTree = "<group>";
		};
		CB1A7C66295767F000C6431D /* UIComponent */ = {
			isa = PBXGroup;
			children = (
				CBDE390629719CB400DDE49A /* SelectedStoreView.swift */,
			);
			path = UIComponent;
			sourceTree = "<group>";
		};
		CB2E4F7D2977026C00FD2566 /* Cell */ = {
			isa = PBXGroup;
			children = (
				CB2E4F7E297702A800FD2566 /* StoreInfoTableViewCell.swift */,
				CB2E4F80297702B800FD2566 /* UserInfoTableViewCell.swift */,
			);
			path = Cell;
			sourceTree = "<group>";
		};
		CB5CC9192A56DAFD001B9395 /* Deplicated Screens */ = {
			isa = PBXGroup;
			children = (
				CBADC2A32955A05B00E56C93 /* Search */,
				CBADC2A52955A07B00E56C93 /* Profile */,
				CBADC2B02955A13800E56C93 /* Feed */,
			);
			path = "Deplicated Screens";
			sourceTree = "<group>";
		};
		CB5CC91B2A56DB1F001B9395 /* Bookmark */ = {
			isa = PBXGroup;
			children = (
				CBDC8D712A56DB98007B49FA /* BookmarkViewController.swift */,
			);
			path = Bookmark;
			sourceTree = "<group>";
		};
		CB5CC91C2A56DB26001B9395 /* Setting */ = {
			isa = PBXGroup;
			children = (
				CBD1B5F02982B0A300B0AD51 /* SettingViewController.swift */,
			);
			path = Setting;
			sourceTree = "<group>";
		};
		CB7F3322298A51330000A6B4 /* Network */ = {
			isa = PBXGroup;
			children = (
				CB7F3323298A51430000A6B4 /* Storage */,
				CBDE390329719B8100DDE49A /* Models */,
			);
			path = Network;
			sourceTree = "<group>";
		};
		CB7F3323298A51430000A6B4 /* Storage */ = {
			isa = PBXGroup;
			children = (
				CB7F3324298A51560000A6B4 /* UserDefaultStorage.swift */,
				CB7F3326298A51610000A6B4 /* UserDefaultHandler.swift */,
			);
			path = Storage;
			sourceTree = "<group>";
		};
		CB981C28297A5A2900AF0167 /* Sign */ = {
			isa = PBXGroup;
			children = (
				CBA7F181297DB319006088A0 /* OnboardingViewController.swift */,
				CBD1B5F92982E55F00B0AD51 /* AgreementViewController.swift */,
				CBA7F17E297DB2F6006088A0 /* SetProfileViewController.swift */,
			);
			path = Sign;
			sourceTree = "<group>";
		};
		CBAD1C162976C0850079ABE0 /* Cell */ = {
			isa = PBXGroup;
			children = (
				CBADC2E12955C63300E56C93 /* FeedThumnailCollectionViewCell.swift */,
				CBB58283297440A600808B0B /* CategoryCollectionViewCell.swift */,
			);
			path = Cell;
			sourceTree = "<group>";
		};
		CBADC25129559BC900E56C93 /* Global */ = {
			isa = PBXGroup;
			children = (
				CBADC25229559BC900E56C93 /* Supports */,
				CBADC25829559BC900E56C93 /* Literal */,
				CBADC25A29559BC900E56C93 /* Utils */,
				CBADC26129559BC900E56C93 /* Extensions */,
				CBADC26F29559BC900E56C93 /* Resource */,
				CBADC27429559BC900E56C93 /* Base */,
				CBADC27829559BC900E56C93 /* UIComponent */,
				CBAD1C162976C0850079ABE0 /* Cell */,
			);
			path = Global;
			sourceTree = "<group>";
		};
		CBADC25229559BC900E56C93 /* Supports */ = {
			isa = PBXGroup;
			children = (
				CBADC2CE2955A41500E56C93 /* TabBarController.swift */,
				CBC73103295550A100C7F198 /* AppDelegate.swift */,
				CBC73105295550A100C7F198 /* SceneDelegate.swift */,
				CBC73111295550A200C7F198 /* Info.plist */,
			);
			path = Supports;
			sourceTree = "<group>";
		};
		CBADC25829559BC900E56C93 /* Literal */ = {
			isa = PBXGroup;
			children = (
				CBADC25929559BC900E56C93 /* ImageLiteral.swift */,
			);
			path = Literal;
			sourceTree = "<group>";
		};
		CBADC25A29559BC900E56C93 /* Utils */ = {
			isa = PBXGroup;
			children = (
				CBADC25D29559BC900E56C93 /* Logger.swift */,
				CB1566D8298D72FF0056B7D9 /* LocationManager.swift */,
			);
			path = Utils;
			sourceTree = "<group>";
		};
		CBADC26129559BC900E56C93 /* Extensions */ = {
			isa = PBXGroup;
			children = (
				CBADC26229559BC900E56C93 /* UIFont+Extension.swift */,
				CBADC26329559BC900E56C93 /* UIColor+Extension.swift */,
				CBADC26429559BC900E56C93 /* UILabel+Extension.swift */,
				CBADC26529559BC900E56C93 /* NSObject+Extension.swift */,
				CBADC26629559BC900E56C93 /* UIView+Extension.swift */,
				CBADC26829559BC900E56C93 /* UIViewController+Extension.swift */,
				CBADC26929559BC900E56C93 /* UICollectionView+Extension.swift */,
				CBADC26A29559BC900E56C93 /* Sequence+Extension.swift */,
				CBADC26C29559BC900E56C93 /* Notification+Extension.swift */,
				CBADC26D29559BC900E56C93 /* UITextView+Extension.swift */,
				CBADC26E29559BC900E56C93 /* UITableView+Extension.swift */,
				CBD1B5FD2982F19300B0AD51 /* UIButton+Extension.swift */,
				CBA7F183297DBB01006088A0 /* YPImagePicker+Extension.swift */,
				CBB12B132985845900AC0EF2 /* String+Extension.swift */,
			);
			path = Extensions;
			sourceTree = "<group>";
		};
		CBADC26F29559BC900E56C93 /* Resource */ = {
			isa = PBXGroup;
			children = (
				CBDB8F8029897CCC00DA2B1E /* Fonts */,
				CBC7310C295550A200C7F198 /* Assets.xcassets */,
				CBC7310E295550A200C7F198 /* LaunchScreen.storyboard */,
			);
			path = Resource;
			sourceTree = "<group>";
		};
		CBADC27429559BC900E56C93 /* Base */ = {
			isa = PBXGroup;
			children = (
				CBADC27529559BC900E56C93 /* BaseViewController.swift */,
				CBADC27629559BC900E56C93 /* BaseTableViewCell.swift */,
				CBADC27729559BC900E56C93 /* BaseCollectionViewCell.swift */,
				CB1A7C6729576D7900C6431D /* BaseScrollView.swift */,
				CB1A7C6929576DCC00C6431D /* HorizontalScrollView.swift */,
				CB1790C7296DAB470083D3A4 /* DynamicHeightCollectionViewFlowLayout.swift */,
			);
			path = Base;
			sourceTree = "<group>";
		};
		CBADC27829559BC900E56C93 /* UIComponent */ = {
			isa = PBXGroup;
			children = (
				CBADC27C29559BC900E56C93 /* PaddingLabel.swift */,
				CBADC27A29559BC900E56C93 /* SendButton.swift */,
				CBDE38FA2970774800DDE49A /* CloseButton.swift */,
				CBADC27D29559BC900E56C93 /* BackButton.swift */,
				CBD1B5F72982D9E100B0AD51 /* ForwardButton.swift */,
				CBE61912296C68D9005295AF /* PlusButton.swift */,
				CBE61910296C6804005295AF /* OptionButton.swift */,
				CBFB525E2977C4800049E8BA /* MoreButton.swift */,
				CB1A7C5D295618A900C6431D /* SettingButton.swift */,
				CBB5828829745A8200808B0B /* GalleryButton.swift */,
				CBD1B6012984394A00B0AD51 /* FeedButton.swift */,
				CBB778D82979B17200B9994A /* PinButton.swift */,
				CBADC2DF2955B92D00E56C93 /* MainButton.swift */,
				CB1A7C6229561CF300C6431D /* SubButton.swift */,
				CBE6190B296C635D005295AF /* FollowButton.swift */,
				CBDE38FC29715C5F00DDE49A /* SearchBarButton.swift */,
				CB2E4F792976F01700FD2566 /* UnderlineSegmentedControl.swift */,
				CBD1B5FB2982E83800B0AD51 /* CheckBox.swift */,
				CB5AF8A829854AA0003D16D4 /* MapItem.swift */,
			);
			path = UIComponent;
			sourceTree = "<group>";
		};
		CBADC2A22955A05500E56C93 /* Feed */ = {
			isa = PBXGroup;
			children = (
				CBADC2D02955AB7300E56C93 /* UIComponent */,
				CBADC2BE2955A24A00E56C93 /* Cell */,
				CBC73107295550A100C7F198 /* FeedViewController.swift */,
				CBFB52542977B9240049E8BA /* StoreFeedViewController.swift */,
				CBFB52562977B94A0049E8BA /* ChatViewController.swift */,
			);
			path = Feed;
			sourceTree = "<group>";
		};
		CBADC2A32955A05B00E56C93 /* Search */ = {
			isa = PBXGroup;
			children = (
				CB2E4F7D2977026C00FD2566 /* Cell */,
				CBADC2A82955A0CB00E56C93 /* SearchViewController.swift */,
				CBADC2BC2955A22D00E56C93 /* SearchResultViewController.swift */,
				CB2E4F7B2977025C00FD2566 /* SearchStoreResultViewController.swift */,
				CB2E4F82297702C900FD2566 /* SearchUserResultViewController.swift */,
			);
			path = Search;
			sourceTree = "<group>";
		};
		CBADC2A52955A07B00E56C93 /* Profile */ = {
			isa = PBXGroup;
			children = (
				CB1A7C5F29561B8400C6431D /* UIComponent */,
				CBD1B5F22982D38300B0AD51 /* Cell */,
				CBADC2AC2955A0FF00E56C93 /* ProfileViewController.swift */,
				CB2E4F8429772FFE00FD2566 /* UserFeedViewController.swift */,
				CBFB52622977CB9F0049E8BA /* UserMapViewController.swift */,
				CB4FBBF12978CFA90052D371 /* FollowerViewController.swift */,
				CB4FBBF32978CFE40052D371 /* FollowingViewController.swift */,
				CBD1B5EE2982A5AD00B0AD51 /* EditProfileViewController.swift */,
			);
			path = Profile;
			sourceTree = "<group>";
		};
		CBADC2B02955A13800E56C93 /* Feed */ = {
			isa = PBXGroup;
			children = (
				CB1A7C66295767F000C6431D /* UIComponent */,
				CBDE39002971945300DDE49A /* Cell */,
				CBDE38F82970745600DDE49A /* AddFeedViewController.swift */,
				CBADC2B42955A18C00E56C93 /* SearchStoreViewController.swift */,
				CBB582812973007D00808B0B /* ShowWebViewController.swift */,
				CBADC2B22955A16A00E56C93 /* SetStoreViewController.swift */,
				CBE61916296C7C1F005295AF /* SetCategoryViewController.swift */,
				CBADC2B62955A1BD00E56C93 /* SetPhotoViewController.swift */,
				CBADC2B82955A1CC00E56C93 /* SetCommentViewController.swift */,
			);
			path = Feed;
			sourceTree = "<group>";
		};
		CBADC2B12955A14C00E56C93 /* Screens */ = {
			isa = PBXGroup;
			children = (
				CB981C28297A5A2900AF0167 /* Sign */,
				CBE6190D296C6423005295AF /* Map */,
				CBADC2A22955A05500E56C93 /* Feed */,
				CB5CC91B2A56DB1F001B9395 /* Bookmark */,
				CB5CC91C2A56DB26001B9395 /* Setting */,
				CB5CC9192A56DAFD001B9395 /* Deplicated Screens */,
			);
			path = Screens;
			sourceTree = "<group>";
		};
		CBADC2BE2955A24A00E56C93 /* Cell */ = {
			isa = PBXGroup;
			children = (
				CBADC2D72955AC5900E56C93 /* FeedCollectionViewCell.swift */,
				CBFB525A2977B99B0049E8BA /* ChatTableViewCell.swift */,
			);
			path = Cell;
			sourceTree = "<group>";
		};
		CBADC2D02955AB7300E56C93 /* UIComponent */ = {
			isa = PBXGroup;
			children = (
				CBADC2DD2955ACBB00E56C93 /* EmptyFeedView.swift */,
				CBFB525C2977B9C00049E8BA /* EmptyCommentView.swift */,
				CB1A7C5B29560C2300C6431D /* UserInfoView.swift */,
				CB1BCAF62958B15B0021617D /* StoreInfoView.swift */,
				CBD1B5FF2984297100B0AD51 /* ChatSendView.swift */,
			);
			path = UIComponent;
			sourceTree = "<group>";
		};
		CBC730F7295550A100C7F198 = {
			isa = PBXGroup;
			children = (
				CBADC24F29559AB700E56C93 /* .swiftformat */,
				CBADC24D29559AA900E56C93 /* .swiftlint.yml */,
				CBC73102295550A100C7F198 /* FoodBowl */,
				CBC73101295550A100C7F198 /* Products */,
			);
			sourceTree = "<group>";
		};
		CBC73101295550A100C7F198 /* Products */ = {
			isa = PBXGroup;
			children = (
				CBC73100295550A100C7F198 /* FoodBowl.app */,
			);
			name = Products;
			sourceTree = "<group>";
		};
		CBC73102295550A100C7F198 /* FoodBowl */ = {
			isa = PBXGroup;
			children = (
				CB7F3321298A4F1E0000A6B4 /* FoodBowl.entitlements */,
				CB7F3322298A51330000A6B4 /* Network */,
				CBADC2B12955A14C00E56C93 /* Screens */,
				CBADC25129559BC900E56C93 /* Global */,
			);
			path = FoodBowl;
			sourceTree = "<group>";
		};
		CBD1B5F22982D38300B0AD51 /* Cell */ = {
			isa = PBXGroup;
			children = (
				CBD1B5F32982D39B00B0AD51 /* SettingItemTableViewCell.swift */,
			);
			path = Cell;
			sourceTree = "<group>";
		};
		CBDB8F8029897CCC00DA2B1E /* Fonts */ = {
			isa = PBXGroup;
			children = (
				CBDB8F7F298979DD00DA2B1E /* Baumans-Regular.ttf */,
			);
			path = Fonts;
			sourceTree = "<group>";
		};
		CBDE39002971945300DDE49A /* Cell */ = {
			isa = PBXGroup;
			children = (
				CBDE39012971947B00DDE49A /* StoreSearchTableViewCell.swift */,
				CB558E9929746B5D00921943 /* PhotoCollectionViewCell.swift */,
			);
			path = Cell;
			sourceTree = "<group>";
		};
		CBDE390329719B8100DDE49A /* Models */ = {
			isa = PBXGroup;
			children = (
				CBDE390429719B9700DDE49A /* Place.swift */,
				CB558E9B2975B80B00921943 /* Feed.swift */,
				CB8A2D9A297844720018AC6E /* Marker.swift */,
			);
			path = Models;
			sourceTree = "<group>";
		};
		CBE6190D296C6423005295AF /* Map */ = {
			isa = PBXGroup;
			children = (
				CBE6190E296C6435005295AF /* MapViewController.swift */,
				CBFB52602977C9AB0049E8BA /* FindStoreViewController.swift */,
			);
			path = Map;
			sourceTree = "<group>";
		};
/* End PBXGroup section */

/* Begin PBXNativeTarget section */
		CBC730FF295550A100C7F198 /* FoodBowl */ = {
			isa = PBXNativeTarget;
			buildConfigurationList = CBC73114295550A200C7F198 /* Build configuration list for PBXNativeTarget "FoodBowl" */;
			buildPhases = (
				CBC730FC295550A100C7F198 /* Sources */,
				CBC730FD295550A100C7F198 /* Frameworks */,
				CBC730FE295550A100C7F198 /* Resources */,
				CBADC2492955997800E56C93 /* SwiftLint Script */,
				CBADC24C29559A4E00E56C93 /* SwiftFormat Script */,
			);
			buildRules = (
			);
			dependencies = (
			);
			name = FoodBowl;
			packageProductDependencies = (
				CBADC2412955989400E56C93 /* SnapKit */,
				CBADC244295598A200E56C93 /* Then */,
				CBADC2472955993A00E56C93 /* SkeletonUI */,
				CBB5827F2972C9C400808B0B /* Alamofire */,
				CBB582862974568500808B0B /* YPImagePicker */,
			);
			productName = FoodBowl;
			productReference = CBC73100295550A100C7F198 /* FoodBowl.app */;
			productType = "com.apple.product-type.application";
		};
/* End PBXNativeTarget section */

/* Begin PBXProject section */
		CBC730F8295550A100C7F198 /* Project object */ = {
			isa = PBXProject;
			attributes = {
				BuildIndependentTargetsInParallel = 1;
				LastSwiftUpdateCheck = 1410;
				LastUpgradeCheck = 1410;
				TargetAttributes = {
					CBC730FF295550A100C7F198 = {
						CreatedOnToolsVersion = 14.1;
					};
				};
			};
			buildConfigurationList = CBC730FB295550A100C7F198 /* Build configuration list for PBXProject "FoodBowl" */;
			compatibilityVersion = "Xcode 14.0";
			developmentRegion = en;
			hasScannedForEncodings = 0;
			knownRegions = (
				en,
				Base,
			);
			mainGroup = CBC730F7295550A100C7F198;
			packageReferences = (
				CBADC2402955989400E56C93 /* XCRemoteSwiftPackageReference "SnapKit" */,
				CBADC243295598A200E56C93 /* XCRemoteSwiftPackageReference "Then" */,
				CBADC2462955993A00E56C93 /* XCRemoteSwiftPackageReference "SkeletonUI" */,
				CBB5827E2972C9C400808B0B /* XCRemoteSwiftPackageReference "Alamofire" */,
				CBB582852974568500808B0B /* XCRemoteSwiftPackageReference "YPImagePicker" */,
			);
			productRefGroup = CBC73101295550A100C7F198 /* Products */;
			projectDirPath = "";
			projectRoot = "";
			targets = (
				CBC730FF295550A100C7F198 /* FoodBowl */,
			);
		};
/* End PBXProject section */

/* Begin PBXResourcesBuildPhase section */
		CBC730FE295550A100C7F198 /* Resources */ = {
			isa = PBXResourcesBuildPhase;
			buildActionMask = 2147483647;
			files = (
				CBDB8F8129897E0200DA2B1E /* Baumans-Regular.ttf in Resources */,
				CBADC25029559AB700E56C93 /* .swiftformat in Resources */,
				CBADC24E29559AA900E56C93 /* .swiftlint.yml in Resources */,
				CBC73110295550A200C7F198 /* LaunchScreen.storyboard in Resources */,
				CBC7310D295550A200C7F198 /* Assets.xcassets in Resources */,
			);
			runOnlyForDeploymentPostprocessing = 0;
		};
/* End PBXResourcesBuildPhase section */

/* Begin PBXShellScriptBuildPhase section */
		CBADC2492955997800E56C93 /* SwiftLint Script */ = {
			isa = PBXShellScriptBuildPhase;
			alwaysOutOfDate = 1;
			buildActionMask = 2147483647;
			files = (
			);
			inputFileListPaths = (
			);
			inputPaths = (
			);
			name = "SwiftLint Script";
			outputFileListPaths = (
			);
			outputPaths = (
			);
			runOnlyForDeploymentPostprocessing = 0;
			shellPath = /bin/sh;
			shellScript = "# Type a script or drag a script file from your workspace to insert its path.\nexport PATH=\"$PATH:/opt/homebrew/bin\"\nif which swiftlint > /dev/null; then\n  swiftlint\nelse\n  echo \"warning: SwiftLint not installed, download from https://github.com/realm/SwiftLint\"\nfi\n";
		};
		CBADC24C29559A4E00E56C93 /* SwiftFormat Script */ = {
			isa = PBXShellScriptBuildPhase;
			alwaysOutOfDate = 1;
			buildActionMask = 2147483647;
			files = (
			);
			inputFileListPaths = (
			);
			inputPaths = (
			);
			name = "SwiftFormat Script";
			outputFileListPaths = (
			);
			outputPaths = (
			);
			runOnlyForDeploymentPostprocessing = 0;
			shellPath = /bin/sh;
			shellScript = "# Type a script or drag a script file from your workspace to insert its path.\nexport PATH=\"$PATH:/opt/homebrew/bin\"\nif which swiftformat > /dev/null; then\n  swiftformat .\nelse\n  echo \"warning: SwiftFormat not installed, download from https://github.com/nicklockwood/SwiftFormat\"\nfi\n";
		};
/* End PBXShellScriptBuildPhase section */

/* Begin PBXSourcesBuildPhase section */
		CBC730FC295550A100C7F198 /* Sources */ = {
			isa = PBXSourcesBuildPhase;
			buildActionMask = 2147483647;
			files = (
				CB2E4F83297702C900FD2566 /* SearchUserResultViewController.swift in Sources */,
				CBFB52612977C9AB0049E8BA /* FindStoreViewController.swift in Sources */,
				CBFB52572977B94A0049E8BA /* ChatViewController.swift in Sources */,
				CBD1B6022984394A00B0AD51 /* FeedButton.swift in Sources */,
				CBD1B5FE2982F19300B0AD51 /* UIButton+Extension.swift in Sources */,
				CBD1B5F42982D39B00B0AD51 /* SettingItemTableViewCell.swift in Sources */,
				CB2E4F8529772FFE00FD2566 /* UserFeedViewController.swift in Sources */,
				CB1BCAF72958B15B0021617D /* StoreInfoView.swift in Sources */,
				CB2E4F7F297702A800FD2566 /* StoreInfoTableViewCell.swift in Sources */,
				CB558E9C2975B80B00921943 /* Feed.swift in Sources */,
				CB1A7C6829576D7900C6431D /* BaseScrollView.swift in Sources */,
				CB1A7C6129561BCF00C6431D /* UserProfileView.swift in Sources */,
				CBADC2E22955C63300E56C93 /* FeedThumnailCollectionViewCell.swift in Sources */,
				CBD1B5EF2982A5AD00B0AD51 /* EditProfileViewController.swift in Sources */,
				CBADC28A29559BC900E56C93 /* UIFont+Extension.swift in Sources */,
				CB1A7C6A29576DCC00C6431D /* HorizontalScrollView.swift in Sources */,
				CBFB52552977B9240049E8BA /* StoreFeedViewController.swift in Sources */,
				CBFB525D2977B9C00049E8BA /* EmptyCommentView.swift in Sources */,
				CB2E4F7C2977025C00FD2566 /* SearchStoreResultViewController.swift in Sources */,
				CB7F3325298A51560000A6B4 /* UserDefaultStorage.swift in Sources */,
				CBA7F17F297DB2F6006088A0 /* SetProfileViewController.swift in Sources */,
				CB8A2D9B297844720018AC6E /* Marker.swift in Sources */,
				CBFB525F2977C4800049E8BA /* MoreButton.swift in Sources */,
				CBDE38FB2970774800DDE49A /* CloseButton.swift in Sources */,
				CB2E4F81297702B800FD2566 /* UserInfoTableViewCell.swift in Sources */,
				CBC73108295550A100C7F198 /* FeedViewController.swift in Sources */,
				CBD1B5F82982D9E100B0AD51 /* ForwardButton.swift in Sources */,
				CB2E4F892977393700FD2566 /* UserInfoButton.swift in Sources */,
				CBADC2CF2955A41500E56C93 /* TabBarController.swift in Sources */,
				CBB12B142985845900AC0EF2 /* String+Extension.swift in Sources */,
				CBB58284297440A600808B0B /* CategoryCollectionViewCell.swift in Sources */,
				CBC73104295550A100C7F198 /* AppDelegate.swift in Sources */,
				CBADC2B72955A1BD00E56C93 /* SetPhotoViewController.swift in Sources */,
				CBE6190C296C635D005295AF /* FollowButton.swift in Sources */,
				CB5AF8A929854AA0003D16D4 /* MapItem.swift in Sources */,
				CB1790C8296DAB470083D3A4 /* DynamicHeightCollectionViewFlowLayout.swift in Sources */,
				CBA7F184297DBB01006088A0 /* YPImagePicker+Extension.swift in Sources */,
				CBE61913296C68D9005295AF /* PlusButton.swift in Sources */,
				CBB778D92979B17200B9994A /* PinButton.swift in Sources */,
				CB1A7C5E295618A900C6431D /* SettingButton.swift in Sources */,
				CBADC29B29559BC900E56C93 /* BaseTableViewCell.swift in Sources */,
				CB1566D9298D72FF0056B7D9 /* LocationManager.swift in Sources */,
				CBE6190F296C6435005295AF /* MapViewController.swift in Sources */,
				CB4FBBF42978CFE40052D371 /* FollowingViewController.swift in Sources */,
				CBADC2A129559BC900E56C93 /* BackButton.swift in Sources */,
				CBADC29A29559BC900E56C93 /* BaseViewController.swift in Sources */,
				CBADC2B92955A1CC00E56C93 /* SetCommentViewController.swift in Sources */,
				CBC73106295550A100C7F198 /* SceneDelegate.swift in Sources */,
				CBE61917296C7C1F005295AF /* SetCategoryViewController.swift in Sources */,
				CBDE39022971947B00DDE49A /* StoreSearchTableViewCell.swift in Sources */,
				CBD1B5FC2982E83800B0AD51 /* CheckBox.swift in Sources */,
				CBADC29529559BC900E56C93 /* UITextView+Extension.swift in Sources */,
				CBADC29229559BC900E56C93 /* Sequence+Extension.swift in Sources */,
				CBB5828929745A8200808B0B /* GalleryButton.swift in Sources */,
				CBADC29029559BC900E56C93 /* UIViewController+Extension.swift in Sources */,
				CBADC28C29559BC900E56C93 /* UILabel+Extension.swift in Sources */,
				CBDC8D722A56DB98007B49FA /* BookmarkViewController.swift in Sources */,
				CB1A7C6329561CF300C6431D /* SubButton.swift in Sources */,
				CBADC2B32955A16A00E56C93 /* SetStoreViewController.swift in Sources */,
				CBADC28329559BC900E56C93 /* ImageLiteral.swift in Sources */,
				CBD1B5F12982B0A300B0AD51 /* SettingViewController.swift in Sources */,
				CB558E9A29746B5D00921943 /* PhotoCollectionViewCell.swift in Sources */,
				CBD1B6002984297100B0AD51 /* ChatSendView.swift in Sources */,
				CB4FBBF22978CFA90052D371 /* FollowerViewController.swift in Sources */,
				CBADC28B29559BC900E56C93 /* UIColor+Extension.swift in Sources */,
				CBADC2A92955A0CB00E56C93 /* SearchViewController.swift in Sources */,
				CBADC28629559BC900E56C93 /* Logger.swift in Sources */,
				CBADC29E29559BC900E56C93 /* SendButton.swift in Sources */,
				CBADC29429559BC900E56C93 /* Notification+Extension.swift in Sources */,
				CBA7F182297DB319006088A0 /* OnboardingViewController.swift in Sources */,
				CBFB525B2977B99B0049E8BA /* ChatTableViewCell.swift in Sources */,
				CBADC2E02955B92D00E56C93 /* MainButton.swift in Sources */,
				CBADC2B52955A18C00E56C93 /* SearchStoreViewController.swift in Sources */,
				CBE61911296C6804005295AF /* OptionButton.swift in Sources */,
				CBADC28E29559BC900E56C93 /* UIView+Extension.swift in Sources */,
				CB7F3327298A51610000A6B4 /* UserDefaultHandler.swift in Sources */,
				CBADC2A029559BC900E56C93 /* PaddingLabel.swift in Sources */,
				CBADC29C29559BC900E56C93 /* BaseCollectionViewCell.swift in Sources */,
				CB1A7C5C29560C2300C6431D /* UserInfoView.swift in Sources */,
				CBDE38F92970745600DDE49A /* AddFeedViewController.swift in Sources */,
				CBDE390729719CB400DDE49A /* SelectedStoreView.swift in Sources */,
				CBADC29129559BC900E56C93 /* UICollectionView+Extension.swift in Sources */,
				CBADC2D82955AC5900E56C93 /* FeedCollectionViewCell.swift in Sources */,
				CBADC2AD2955A0FF00E56C93 /* ProfileViewController.swift in Sources */,
				CB2E4F7A2976F01700FD2566 /* UnderlineSegmentedControl.swift in Sources */,
				CBD1B5FA2982E55F00B0AD51 /* AgreementViewController.swift in Sources */,
				CBDE38FD29715C5F00DDE49A /* SearchBarButton.swift in Sources */,
				CBADC2DE2955ACBB00E56C93 /* EmptyFeedView.swift in Sources */,
				CBFB52632977CB9F0049E8BA /* UserMapViewController.swift in Sources */,
				CBADC28D29559BC900E56C93 /* NSObject+Extension.swift in Sources */,
				CBDE390529719B9700DDE49A /* Place.swift in Sources */,
				CBADC29629559BC900E56C93 /* UITableView+Extension.swift in Sources */,
				CBADC2BD2955A22D00E56C93 /* SearchResultViewController.swift in Sources */,
				CBB582822973007D00808B0B /* ShowWebViewController.swift in Sources */,
			);
			runOnlyForDeploymentPostprocessing = 0;
		};
/* End PBXSourcesBuildPhase section */

/* Begin PBXVariantGroup section */
		CBC7310E295550A200C7F198 /* LaunchScreen.storyboard */ = {
			isa = PBXVariantGroup;
			children = (
				CBC7310F295550A200C7F198 /* Base */,
			);
			name = LaunchScreen.storyboard;
			sourceTree = "<group>";
		};
/* End PBXVariantGroup section */

/* Begin XCBuildConfiguration section */
		CBC73112295550A200C7F198 /* Debug */ = {
			isa = XCBuildConfiguration;
			buildSettings = {
				ALWAYS_SEARCH_USER_PATHS = NO;
				CLANG_ANALYZER_NONNULL = YES;
				CLANG_ANALYZER_NUMBER_OBJECT_CONVERSION = YES_AGGRESSIVE;
				CLANG_CXX_LANGUAGE_STANDARD = "gnu++20";
				CLANG_ENABLE_MODULES = YES;
				CLANG_ENABLE_OBJC_ARC = YES;
				CLANG_ENABLE_OBJC_WEAK = YES;
				CLANG_WARN_BLOCK_CAPTURE_AUTORELEASING = YES;
				CLANG_WARN_BOOL_CONVERSION = YES;
				CLANG_WARN_COMMA = YES;
				CLANG_WARN_CONSTANT_CONVERSION = YES;
				CLANG_WARN_DEPRECATED_OBJC_IMPLEMENTATIONS = YES;
				CLANG_WARN_DIRECT_OBJC_ISA_USAGE = YES_ERROR;
				CLANG_WARN_DOCUMENTATION_COMMENTS = YES;
				CLANG_WARN_EMPTY_BODY = YES;
				CLANG_WARN_ENUM_CONVERSION = YES;
				CLANG_WARN_INFINITE_RECURSION = YES;
				CLANG_WARN_INT_CONVERSION = YES;
				CLANG_WARN_NON_LITERAL_NULL_CONVERSION = YES;
				CLANG_WARN_OBJC_IMPLICIT_RETAIN_SELF = YES;
				CLANG_WARN_OBJC_LITERAL_CONVERSION = YES;
				CLANG_WARN_OBJC_ROOT_CLASS = YES_ERROR;
				CLANG_WARN_QUOTED_INCLUDE_IN_FRAMEWORK_HEADER = YES;
				CLANG_WARN_RANGE_LOOP_ANALYSIS = YES;
				CLANG_WARN_STRICT_PROTOTYPES = YES;
				CLANG_WARN_SUSPICIOUS_MOVE = YES;
				CLANG_WARN_UNGUARDED_AVAILABILITY = YES_AGGRESSIVE;
				CLANG_WARN_UNREACHABLE_CODE = YES;
				CLANG_WARN__DUPLICATE_METHOD_MATCH = YES;
				COPY_PHASE_STRIP = NO;
				DEBUG_INFORMATION_FORMAT = dwarf;
				ENABLE_STRICT_OBJC_MSGSEND = YES;
				ENABLE_TESTABILITY = YES;
				GCC_C_LANGUAGE_STANDARD = gnu11;
				GCC_DYNAMIC_NO_PIC = NO;
				GCC_NO_COMMON_BLOCKS = YES;
				GCC_OPTIMIZATION_LEVEL = 0;
				GCC_PREPROCESSOR_DEFINITIONS = (
					"DEBUG=1",
					"$(inherited)",
				);
				GCC_WARN_64_TO_32_BIT_CONVERSION = YES;
				GCC_WARN_ABOUT_RETURN_TYPE = YES_ERROR;
				GCC_WARN_UNDECLARED_SELECTOR = YES;
				GCC_WARN_UNINITIALIZED_AUTOS = YES_AGGRESSIVE;
				GCC_WARN_UNUSED_FUNCTION = YES;
				GCC_WARN_UNUSED_VARIABLE = YES;
				IPHONEOS_DEPLOYMENT_TARGET = 16.1;
				MTL_ENABLE_DEBUG_INFO = INCLUDE_SOURCE;
				MTL_FAST_MATH = YES;
				ONLY_ACTIVE_ARCH = YES;
				SDKROOT = iphoneos;
				SWIFT_ACTIVE_COMPILATION_CONDITIONS = DEBUG;
				SWIFT_OPTIMIZATION_LEVEL = "-Onone";
			};
			name = Debug;
		};
		CBC73113295550A200C7F198 /* Release */ = {
			isa = XCBuildConfiguration;
			buildSettings = {
				ALWAYS_SEARCH_USER_PATHS = NO;
				CLANG_ANALYZER_NONNULL = YES;
				CLANG_ANALYZER_NUMBER_OBJECT_CONVERSION = YES_AGGRESSIVE;
				CLANG_CXX_LANGUAGE_STANDARD = "gnu++20";
				CLANG_ENABLE_MODULES = YES;
				CLANG_ENABLE_OBJC_ARC = YES;
				CLANG_ENABLE_OBJC_WEAK = YES;
				CLANG_WARN_BLOCK_CAPTURE_AUTORELEASING = YES;
				CLANG_WARN_BOOL_CONVERSION = YES;
				CLANG_WARN_COMMA = YES;
				CLANG_WARN_CONSTANT_CONVERSION = YES;
				CLANG_WARN_DEPRECATED_OBJC_IMPLEMENTATIONS = YES;
				CLANG_WARN_DIRECT_OBJC_ISA_USAGE = YES_ERROR;
				CLANG_WARN_DOCUMENTATION_COMMENTS = YES;
				CLANG_WARN_EMPTY_BODY = YES;
				CLANG_WARN_ENUM_CONVERSION = YES;
				CLANG_WARN_INFINITE_RECURSION = YES;
				CLANG_WARN_INT_CONVERSION = YES;
				CLANG_WARN_NON_LITERAL_NULL_CONVERSION = YES;
				CLANG_WARN_OBJC_IMPLICIT_RETAIN_SELF = YES;
				CLANG_WARN_OBJC_LITERAL_CONVERSION = YES;
				CLANG_WARN_OBJC_ROOT_CLASS = YES_ERROR;
				CLANG_WARN_QUOTED_INCLUDE_IN_FRAMEWORK_HEADER = YES;
				CLANG_WARN_RANGE_LOOP_ANALYSIS = YES;
				CLANG_WARN_STRICT_PROTOTYPES = YES;
				CLANG_WARN_SUSPICIOUS_MOVE = YES;
				CLANG_WARN_UNGUARDED_AVAILABILITY = YES_AGGRESSIVE;
				CLANG_WARN_UNREACHABLE_CODE = YES;
				CLANG_WARN__DUPLICATE_METHOD_MATCH = YES;
				COPY_PHASE_STRIP = NO;
				DEBUG_INFORMATION_FORMAT = "dwarf-with-dsym";
				ENABLE_NS_ASSERTIONS = NO;
				ENABLE_STRICT_OBJC_MSGSEND = YES;
				GCC_C_LANGUAGE_STANDARD = gnu11;
				GCC_NO_COMMON_BLOCKS = YES;
				GCC_WARN_64_TO_32_BIT_CONVERSION = YES;
				GCC_WARN_ABOUT_RETURN_TYPE = YES_ERROR;
				GCC_WARN_UNDECLARED_SELECTOR = YES;
				GCC_WARN_UNINITIALIZED_AUTOS = YES_AGGRESSIVE;
				GCC_WARN_UNUSED_FUNCTION = YES;
				GCC_WARN_UNUSED_VARIABLE = YES;
				IPHONEOS_DEPLOYMENT_TARGET = 16.1;
				MTL_ENABLE_DEBUG_INFO = NO;
				MTL_FAST_MATH = YES;
				SDKROOT = iphoneos;
				SWIFT_COMPILATION_MODE = wholemodule;
				SWIFT_OPTIMIZATION_LEVEL = "-O";
				VALIDATE_PRODUCT = YES;
			};
			name = Release;
		};
		CBC73115295550A200C7F198 /* Debug */ = {
			isa = XCBuildConfiguration;
			buildSettings = {
				ASSETCATALOG_COMPILER_APPICON_NAME = AppIcon;
				ASSETCATALOG_COMPILER_GLOBAL_ACCENT_COLOR_NAME = AccentColor;
				CODE_SIGN_ENTITLEMENTS = FoodBowl/FoodBowl.entitlements;
				CODE_SIGN_STYLE = Automatic;
				CURRENT_PROJECT_VERSION = 4;
				DEVELOPMENT_TEAM = 3Y8YH8GWMM;
				GENERATE_INFOPLIST_FILE = YES;
				INFOPLIST_FILE = FoodBowl/Global/Supports/Info.plist;
				INFOPLIST_KEY_LSApplicationCategoryType = "public.app-category.food-and-drink";
				INFOPLIST_KEY_UIApplicationSupportsIndirectInputEvents = YES;
				INFOPLIST_KEY_UILaunchStoryboardName = LaunchScreen;
				INFOPLIST_KEY_UIMainStoryboardFile = "";
				INFOPLIST_KEY_UISupportedInterfaceOrientations = UIInterfaceOrientationPortrait;
				INFOPLIST_KEY_UISupportedInterfaceOrientations_iPad = "UIInterfaceOrientationLandscapeLeft UIInterfaceOrientationLandscapeRight UIInterfaceOrientationPortrait UIInterfaceOrientationPortraitUpsideDown";
				IPHONEOS_DEPLOYMENT_TARGET = 15.0;
				LD_RUNPATH_SEARCH_PATHS = (
					"$(inherited)",
					"@executable_path/Frameworks",
				);
				MARKETING_VERSION = 1.0.4;
				PRODUCT_BUNDLE_IDENTIFIER = com.coby.FoodBowl;
				PRODUCT_NAME = "$(TARGET_NAME)";
				SUPPORTED_PLATFORMS = "iphoneos iphonesimulator";
				SUPPORTS_MACCATALYST = NO;
				SUPPORTS_MAC_DESIGNED_FOR_IPHONE_IPAD = NO;
				SWIFT_EMIT_LOC_STRINGS = YES;
				SWIFT_VERSION = 5.0;
				TARGETED_DEVICE_FAMILY = 1;
			};
			name = Debug;
		};
		CBC73116295550A200C7F198 /* Release */ = {
			isa = XCBuildConfiguration;
			buildSettings = {
				ASSETCATALOG_COMPILER_APPICON_NAME = AppIcon;
				ASSETCATALOG_COMPILER_GLOBAL_ACCENT_COLOR_NAME = AccentColor;
				CODE_SIGN_ENTITLEMENTS = FoodBowl/FoodBowl.entitlements;
				CODE_SIGN_STYLE = Automatic;
				CURRENT_PROJECT_VERSION = 4;
				DEVELOPMENT_TEAM = 3Y8YH8GWMM;
				GENERATE_INFOPLIST_FILE = YES;
				INFOPLIST_FILE = FoodBowl/Global/Supports/Info.plist;
				INFOPLIST_KEY_LSApplicationCategoryType = "public.app-category.food-and-drink";
				INFOPLIST_KEY_UIApplicationSupportsIndirectInputEvents = YES;
				INFOPLIST_KEY_UILaunchStoryboardName = LaunchScreen;
				INFOPLIST_KEY_UIMainStoryboardFile = "";
				INFOPLIST_KEY_UISupportedInterfaceOrientations = UIInterfaceOrientationPortrait;
				INFOPLIST_KEY_UISupportedInterfaceOrientations_iPad = "UIInterfaceOrientationLandscapeLeft UIInterfaceOrientationLandscapeRight UIInterfaceOrientationPortrait UIInterfaceOrientationPortraitUpsideDown";
				IPHONEOS_DEPLOYMENT_TARGET = 15.0;
				LD_RUNPATH_SEARCH_PATHS = (
					"$(inherited)",
					"@executable_path/Frameworks",
				);
				MARKETING_VERSION = 1.0.4;
				PRODUCT_BUNDLE_IDENTIFIER = com.coby.FoodBowl;
				PRODUCT_NAME = "$(TARGET_NAME)";
				SUPPORTED_PLATFORMS = "iphoneos iphonesimulator";
				SUPPORTS_MACCATALYST = NO;
				SUPPORTS_MAC_DESIGNED_FOR_IPHONE_IPAD = NO;
				SWIFT_EMIT_LOC_STRINGS = YES;
				SWIFT_VERSION = 5.0;
				TARGETED_DEVICE_FAMILY = 1;
			};
			name = Release;
		};
/* End XCBuildConfiguration section */

/* Begin XCConfigurationList section */
		CBC730FB295550A100C7F198 /* Build configuration list for PBXProject "FoodBowl" */ = {
			isa = XCConfigurationList;
			buildConfigurations = (
				CBC73112295550A200C7F198 /* Debug */,
				CBC73113295550A200C7F198 /* Release */,
			);
			defaultConfigurationIsVisible = 0;
			defaultConfigurationName = Release;
		};
		CBC73114295550A200C7F198 /* Build configuration list for PBXNativeTarget "FoodBowl" */ = {
			isa = XCConfigurationList;
			buildConfigurations = (
				CBC73115295550A200C7F198 /* Debug */,
				CBC73116295550A200C7F198 /* Release */,
			);
			defaultConfigurationIsVisible = 0;
			defaultConfigurationName = Release;
		};
/* End XCConfigurationList section */

/* Begin XCRemoteSwiftPackageReference section */
		CBADC2402955989400E56C93 /* XCRemoteSwiftPackageReference "SnapKit" */ = {
			isa = XCRemoteSwiftPackageReference;
			repositoryURL = "https://github.com/SnapKit/SnapKit.git";
			requirement = {
				branch = develop;
				kind = branch;
			};
		};
		CBADC243295598A200E56C93 /* XCRemoteSwiftPackageReference "Then" */ = {
			isa = XCRemoteSwiftPackageReference;
			repositoryURL = "https://github.com/devxoul/Then.git";
			requirement = {
				branch = master;
				kind = branch;
			};
		};
		CBADC2462955993A00E56C93 /* XCRemoteSwiftPackageReference "SkeletonUI" */ = {
			isa = XCRemoteSwiftPackageReference;
			repositoryURL = "https://github.com/CSolanaM/SkeletonUI.git";
			requirement = {
				kind = upToNextMajorVersion;
				minimumVersion = 1.0.0;
			};
		};
		CBB5827E2972C9C400808B0B /* XCRemoteSwiftPackageReference "Alamofire" */ = {
			isa = XCRemoteSwiftPackageReference;
			repositoryURL = "https://github.com/Alamofire/Alamofire.git";
			requirement = {
				branch = master;
				kind = branch;
			};
		};
		CBB582852974568500808B0B /* XCRemoteSwiftPackageReference "YPImagePicker" */ = {
			isa = XCRemoteSwiftPackageReference;
			repositoryURL = "https://github.com/Yummypets/YPImagePicker.git";
			requirement = {
				kind = upToNextMajorVersion;
				minimumVersion = 5.0.0;
			};
		};
/* End XCRemoteSwiftPackageReference section */

/* Begin XCSwiftPackageProductDependency section */
		CBADC2412955989400E56C93 /* SnapKit */ = {
			isa = XCSwiftPackageProductDependency;
			package = CBADC2402955989400E56C93 /* XCRemoteSwiftPackageReference "SnapKit" */;
			productName = SnapKit;
		};
		CBADC244295598A200E56C93 /* Then */ = {
			isa = XCSwiftPackageProductDependency;
			package = CBADC243295598A200E56C93 /* XCRemoteSwiftPackageReference "Then" */;
			productName = Then;
		};
		CBADC2472955993A00E56C93 /* SkeletonUI */ = {
			isa = XCSwiftPackageProductDependency;
			package = CBADC2462955993A00E56C93 /* XCRemoteSwiftPackageReference "SkeletonUI" */;
			productName = SkeletonUI;
		};
		CBB5827F2972C9C400808B0B /* Alamofire */ = {
			isa = XCSwiftPackageProductDependency;
			package = CBB5827E2972C9C400808B0B /* XCRemoteSwiftPackageReference "Alamofire" */;
			productName = Alamofire;
		};
		CBB582862974568500808B0B /* YPImagePicker */ = {
			isa = XCSwiftPackageProductDependency;
			package = CBB582852974568500808B0B /* XCRemoteSwiftPackageReference "YPImagePicker" */;
			productName = YPImagePicker;
		};
/* End XCSwiftPackageProductDependency section */
	};
	rootObject = CBC730F8295550A100C7F198 /* Project object */;
}
